// !$*UTF8*$!
{
	archiveVersion = 1;
	classes = {
	};
	objectVersion = 46;
	objects = {

/* Begin PBXBuildFile section */
		75039FAF1847F42F00BF48C9 /* TabBarVC.m in Sources */ = {isa = PBXBuildFile; fileRef = 75039FAE1847F42F00BF48C9 /* TabBarVC.m */; };
		750559BD18C414F200028670 /* Loading 01.png in Resources */ = {isa = PBXBuildFile; fileRef = 750559BA18C414F200028670 /* Loading 01.png */; };
		750559BE18C414F200028670 /* Loading 02.png in Resources */ = {isa = PBXBuildFile; fileRef = 750559BB18C414F200028670 /* Loading 02.png */; };
		750559BF18C414F200028670 /* Loading_Background.png in Resources */ = {isa = PBXBuildFile; fileRef = 750559BC18C414F200028670 /* Loading_Background.png */; };
		7516E55B183C014000DAACBD /* PIREP_02.png in Resources */ = {isa = PBXBuildFile; fileRef = 7516E55A183C014000DAACBD /* PIREP_02.png */; };
		7516E55D183C036600DAACBD /* PIREP_04.png in Resources */ = {isa = PBXBuildFile; fileRef = 7516E55C183C036600DAACBD /* PIREP_04.png */; };
		752ACD5E180BA2C800E5BBB5 /* Pirep.m in Sources */ = {isa = PBXBuildFile; fileRef = 75002BBF1809E8780031F4C1 /* Pirep.m */; };
		75385B3F190662D60094C4D1 /* User.png in Resources */ = {isa = PBXBuildFile; fileRef = 75385B3E190662D60094C4D1 /* User.png */; };
		753C0583183986B600E8FDCC /* Metar_View_Tab.m in Sources */ = {isa = PBXBuildFile; fileRef = 753C0582183986B600E8FDCC /* Metar_View_Tab.m */; };
		754D1D96186288E700A88E58 /* -DZ.png in Resources */ = {isa = PBXBuildFile; fileRef = 754D1D41186288E700A88E58 /* -DZ.png */; };
		754D1D97186288E700A88E58 /* -DZRA.png in Resources */ = {isa = PBXBuildFile; fileRef = 754D1D42186288E700A88E58 /* -DZRA.png */; };
		754D1D98186288E700A88E58 /* -FZDZ.png in Resources */ = {isa = PBXBuildFile; fileRef = 754D1D43186288E700A88E58 /* -FZDZ.png */; };
		754D1D99186288E700A88E58 /* -FZRA.png in Resources */ = {isa = PBXBuildFile; fileRef = 754D1D44186288E700A88E58 /* -FZRA.png */; };
		754D1D9A186288E700A88E58 /* -GR.png in Resources */ = {isa = PBXBuildFile; fileRef = 754D1D45186288E700A88E58 /* -GR.png */; };
		754D1D9B186288E700A88E58 /* -GS.png in Resources */ = {isa = PBXBuildFile; fileRef = 754D1D46186288E700A88E58 /* -GS.png */; };
		754D1D9C186288E700A88E58 /* -RA.png in Resources */ = {isa = PBXBuildFile; fileRef = 754D1D47186288E700A88E58 /* -RA.png */; };
		754D1D9D186288E700A88E58 /* -RASN.png in Resources */ = {isa = PBXBuildFile; fileRef = 754D1D48186288E700A88E58 /* -RASN.png */; };
		754D1D9E186288E700A88E58 /* -SH.png in Resources */ = {isa = PBXBuildFile; fileRef = 754D1D49186288E700A88E58 /* -SH.png */; };
		754D1D9F186288E700A88E58 /* -SHGR.png in Resources */ = {isa = PBXBuildFile; fileRef = 754D1D4A186288E700A88E58 /* -SHGR.png */; };
		754D1DA0186288E700A88E58 /* -SHGS.png in Resources */ = {isa = PBXBuildFile; fileRef = 754D1D4B186288E700A88E58 /* -SHGS.png */; };
		754D1DA1186288E700A88E58 /* -SHRA.png in Resources */ = {isa = PBXBuildFile; fileRef = 754D1D4C186288E700A88E58 /* -SHRA.png */; };
		754D1DA2186288E700A88E58 /* -SHRASN.png in Resources */ = {isa = PBXBuildFile; fileRef = 754D1D4D186288E700A88E58 /* -SHRASN.png */; };
		754D1DA3186288E700A88E58 /* -SHSN.png in Resources */ = {isa = PBXBuildFile; fileRef = 754D1D4E186288E700A88E58 /* -SHSN.png */; };
		754D1DA4186288E700A88E58 /* -SHSNRA.png in Resources */ = {isa = PBXBuildFile; fileRef = 754D1D4F186288E700A88E58 /* -SHSNRA.png */; };
		754D1DA5186288E700A88E58 /* -SN.png in Resources */ = {isa = PBXBuildFile; fileRef = 754D1D50186288E700A88E58 /* -SN.png */; };
		754D1DA6186288E700A88E58 /* -TSRA.png in Resources */ = {isa = PBXBuildFile; fileRef = 754D1D51186288E700A88E58 /* -TSRA.png */; };
		754D1DA7186288E700A88E58 /* -TSSN.png in Resources */ = {isa = PBXBuildFile; fileRef = 754D1D52186288E700A88E58 /* -TSSN.png */; };
		754D1DA8186288E700A88E58 /* +DZ.png in Resources */ = {isa = PBXBuildFile; fileRef = 754D1D53186288E700A88E58 /* +DZ.png */; };
		754D1DA9186288E700A88E58 /* +FZDZ.png in Resources */ = {isa = PBXBuildFile; fileRef = 754D1D54186288E700A88E58 /* +FZDZ.png */; };
		754D1DAA186288E700A88E58 /* +FZRA.png in Resources */ = {isa = PBXBuildFile; fileRef = 754D1D55186288E700A88E58 /* +FZRA.png */; };
		754D1DAB186288E700A88E58 /* +GR.png in Resources */ = {isa = PBXBuildFile; fileRef = 754D1D56186288E700A88E58 /* +GR.png */; };
		754D1DAC186288E700A88E58 /* +GS.png in Resources */ = {isa = PBXBuildFile; fileRef = 754D1D57186288E700A88E58 /* +GS.png */; };
		754D1DAD186288E700A88E58 /* +RA.png in Resources */ = {isa = PBXBuildFile; fileRef = 754D1D58186288E700A88E58 /* +RA.png */; };
		754D1DAE186288E700A88E58 /* +SHGR.png in Resources */ = {isa = PBXBuildFile; fileRef = 754D1D59186288E700A88E58 /* +SHGR.png */; };
		754D1DAF186288E700A88E58 /* +SHGS.png in Resources */ = {isa = PBXBuildFile; fileRef = 754D1D5A186288E700A88E58 /* +SHGS.png */; };
		754D1DB0186288E700A88E58 /* +SHRA.png in Resources */ = {isa = PBXBuildFile; fileRef = 754D1D5B186288E700A88E58 /* +SHRA.png */; };
		754D1DB1186288E700A88E58 /* +SHRASN.png in Resources */ = {isa = PBXBuildFile; fileRef = 754D1D5C186288E700A88E58 /* +SHRASN.png */; };
		754D1DB2186288E700A88E58 /* +SHSN.png in Resources */ = {isa = PBXBuildFile; fileRef = 754D1D5D186288E700A88E58 /* +SHSN.png */; };
		754D1DB3186288E700A88E58 /* +SHSNRA.png in Resources */ = {isa = PBXBuildFile; fileRef = 754D1D5E186288E700A88E58 /* +SHSNRA.png */; };
		754D1DB4186288E700A88E58 /* +SN.png in Resources */ = {isa = PBXBuildFile; fileRef = 754D1D5F186288E700A88E58 /* +SN.png */; };
		754D1DB5186288E700A88E58 /* +SS.png in Resources */ = {isa = PBXBuildFile; fileRef = 754D1D60186288E700A88E58 /* +SS.png */; };
		754D1DB6186288E700A88E58 /* +TSGR.png in Resources */ = {isa = PBXBuildFile; fileRef = 754D1D61186288E700A88E58 /* +TSGR.png */; };
		754D1DB7186288E700A88E58 /* +TSGRRA.png in Resources */ = {isa = PBXBuildFile; fileRef = 754D1D62186288E700A88E58 /* +TSGRRA.png */; };
		754D1DB8186288E700A88E58 /* +TSGS.png in Resources */ = {isa = PBXBuildFile; fileRef = 754D1D63186288E700A88E58 /* +TSGS.png */; };
		754D1DB9186288E700A88E58 /* +TSRA.png in Resources */ = {isa = PBXBuildFile; fileRef = 754D1D64186288E700A88E58 /* +TSRA.png */; };
		754D1DBA186288E700A88E58 /* +TSSN.png in Resources */ = {isa = PBXBuildFile; fileRef = 754D1D65186288E700A88E58 /* +TSSN.png */; };
		754D1DBB186288E700A88E58 /* BCFG.png in Resources */ = {isa = PBXBuildFile; fileRef = 754D1D66186288E700A88E58 /* BCFG.png */; };
		754D1DBC186288E700A88E58 /* BLSN.png in Resources */ = {isa = PBXBuildFile; fileRef = 754D1D67186288E700A88E58 /* BLSN.png */; };
		754D1DBD186288E700A88E58 /* BR.png in Resources */ = {isa = PBXBuildFile; fileRef = 754D1D68186288E700A88E58 /* BR.png */; };
		754D1DBE186288E700A88E58 /* DRSN.png in Resources */ = {isa = PBXBuildFile; fileRef = 754D1D69186288E700A88E58 /* DRSN.png */; };
		754D1DBF186288E700A88E58 /* DU.png in Resources */ = {isa = PBXBuildFile; fileRef = 754D1D6A186288E700A88E58 /* DU.png */; };
		754D1DC0186288E700A88E58 /* DZ.png in Resources */ = {isa = PBXBuildFile; fileRef = 754D1D6B186288E700A88E58 /* DZ.png */; };
		754D1DC1186288E700A88E58 /* DZRA.png in Resources */ = {isa = PBXBuildFile; fileRef = 754D1D6C186288E700A88E58 /* DZRA.png */; };
		754D1DC2186288E700A88E58 /* FC.png in Resources */ = {isa = PBXBuildFile; fileRef = 754D1D6D186288E700A88E58 /* FC.png */; };
		754D1DC3186288E700A88E58 /* FG.png in Resources */ = {isa = PBXBuildFile; fileRef = 754D1D6E186288E700A88E58 /* FG.png */; };
		754D1DC4186288E700A88E58 /* FU.png in Resources */ = {isa = PBXBuildFile; fileRef = 754D1D6F186288E700A88E58 /* FU.png */; };
		754D1DC5186288E700A88E58 /* FZDZ.png in Resources */ = {isa = PBXBuildFile; fileRef = 754D1D70186288E700A88E58 /* FZDZ.png */; };
		754D1DC6186288E700A88E58 /* FZFG.png in Resources */ = {isa = PBXBuildFile; fileRef = 754D1D71186288E700A88E58 /* FZFG.png */; };
		754D1DC7186288E700A88E58 /* FZRA.png in Resources */ = {isa = PBXBuildFile; fileRef = 754D1D72186288E700A88E58 /* FZRA.png */; };
		754D1DC8186288E700A88E58 /* GR.png in Resources */ = {isa = PBXBuildFile; fileRef = 754D1D73186288E700A88E58 /* GR.png */; };
		754D1DC9186288E700A88E58 /* GS.png in Resources */ = {isa = PBXBuildFile; fileRef = 754D1D74186288E700A88E58 /* GS.png */; };
		754D1DCA186288E700A88E58 /* HZ.png in Resources */ = {isa = PBXBuildFile; fileRef = 754D1D75186288E700A88E58 /* HZ.png */; };
		754D1DCB186288E700A88E58 /* IC.png in Resources */ = {isa = PBXBuildFile; fileRef = 754D1D76186288E700A88E58 /* IC.png */; };
		754D1DCC186288E700A88E58 /* MIFG.png in Resources */ = {isa = PBXBuildFile; fileRef = 754D1D77186288E700A88E58 /* MIFG.png */; };
		754D1DCD186288E700A88E58 /* NULL.png in Resources */ = {isa = PBXBuildFile; fileRef = 754D1D78186288E700A88E58 /* NULL.png */; };
		754D1DCE186288E700A88E58 /* PE.png in Resources */ = {isa = PBXBuildFile; fileRef = 754D1D79186288E700A88E58 /* PE.png */; };
		754D1DCF186288E700A88E58 /* PL.png in Resources */ = {isa = PBXBuildFile; fileRef = 754D1D7A186288E700A88E58 /* PL.png */; };
		754D1DD0186288E700A88E58 /* PO.png in Resources */ = {isa = PBXBuildFile; fileRef = 754D1D7B186288E700A88E58 /* PO.png */; };
		754D1DD1186288E700A88E58 /* PRFG.png in Resources */ = {isa = PBXBuildFile; fileRef = 754D1D7C186288E700A88E58 /* PRFG.png */; };
		754D1DD2186288E700A88E58 /* RA.png in Resources */ = {isa = PBXBuildFile; fileRef = 754D1D7D186288E700A88E58 /* RA.png */; };
		754D1DD3186288E700A88E58 /* RASN.png in Resources */ = {isa = PBXBuildFile; fileRef = 754D1D7E186288E700A88E58 /* RASN.png */; };
		754D1DD4186288E700A88E58 /* SA.png in Resources */ = {isa = PBXBuildFile; fileRef = 754D1D7F186288E700A88E58 /* SA.png */; };
		754D1DD5186288E700A88E58 /* SG.png in Resources */ = {isa = PBXBuildFile; fileRef = 754D1D80186288E700A88E58 /* SG.png */; };
		754D1DD6186288E700A88E58 /* SH.png in Resources */ = {isa = PBXBuildFile; fileRef = 754D1D81186288E700A88E58 /* SH.png */; };
		754D1DD7186288E700A88E58 /* SHGR.png in Resources */ = {isa = PBXBuildFile; fileRef = 754D1D82186288E700A88E58 /* SHGR.png */; };
		754D1DD8186288E700A88E58 /* SHGS.png in Resources */ = {isa = PBXBuildFile; fileRef = 754D1D83186288E700A88E58 /* SHGS.png */; };
		754D1DD9186288E700A88E58 /* SHRA.png in Resources */ = {isa = PBXBuildFile; fileRef = 754D1D84186288E700A88E58 /* SHRA.png */; };
		754D1DDA186288E700A88E58 /* SHRASN.png in Resources */ = {isa = PBXBuildFile; fileRef = 754D1D85186288E700A88E58 /* SHRASN.png */; };
		754D1DDB186288E700A88E58 /* SHSN.png in Resources */ = {isa = PBXBuildFile; fileRef = 754D1D86186288E700A88E58 /* SHSN.png */; };
		754D1DDC186288E700A88E58 /* SHSNRA.png in Resources */ = {isa = PBXBuildFile; fileRef = 754D1D87186288E700A88E58 /* SHSNRA.png */; };
		754D1DDD186288E700A88E58 /* SN.png in Resources */ = {isa = PBXBuildFile; fileRef = 754D1D88186288E700A88E58 /* SN.png */; };
		754D1DDE186288E700A88E58 /* SQ.png in Resources */ = {isa = PBXBuildFile; fileRef = 754D1D89186288E700A88E58 /* SQ.png */; };
		754D1DDF186288E700A88E58 /* SS.png in Resources */ = {isa = PBXBuildFile; fileRef = 754D1D8A186288E700A88E58 /* SS.png */; };
		754D1DE0186288E700A88E58 /* TS.png in Resources */ = {isa = PBXBuildFile; fileRef = 754D1D8B186288E700A88E58 /* TS.png */; };
		754D1DE1186288E700A88E58 /* TSGR.png in Resources */ = {isa = PBXBuildFile; fileRef = 754D1D8C186288E700A88E58 /* TSGR.png */; };
		754D1DE2186288E700A88E58 /* TSGS.png in Resources */ = {isa = PBXBuildFile; fileRef = 754D1D8D186288E700A88E58 /* TSGS.png */; };
		754D1DE3186288E700A88E58 /* TSRA.png in Resources */ = {isa = PBXBuildFile; fileRef = 754D1D8E186288E700A88E58 /* TSRA.png */; };
		754D1DE4186288E700A88E58 /* TSSN.png in Resources */ = {isa = PBXBuildFile; fileRef = 754D1D8F186288E700A88E58 /* TSSN.png */; };
		754D1DE5186288E700A88E58 /* UP.png in Resources */ = {isa = PBXBuildFile; fileRef = 754D1D90186288E700A88E58 /* UP.png */; };
		754D1DE6186288E700A88E58 /* VCFG.png in Resources */ = {isa = PBXBuildFile; fileRef = 754D1D91186288E700A88E58 /* VCFG.png */; };
		754D1DE7186288E700A88E58 /* VCSH.png in Resources */ = {isa = PBXBuildFile; fileRef = 754D1D92186288E700A88E58 /* VCSH.png */; };
		754D1DE8186288E700A88E58 /* VCSS.png in Resources */ = {isa = PBXBuildFile; fileRef = 754D1D93186288E700A88E58 /* VCSS.png */; };
		754D1DE9186288E700A88E58 /* VCTS.png in Resources */ = {isa = PBXBuildFile; fileRef = 754D1D94186288E700A88E58 /* VCTS.png */; };
		754D1DEA186288E700A88E58 /* VIRGA.png in Resources */ = {isa = PBXBuildFile; fileRef = 754D1D95186288E700A88E58 /* VIRGA.png */; };
		754D1DEC18628ADD00A88E58 /* PIREP_05.png in Resources */ = {isa = PBXBuildFile; fileRef = 754D1DEB18628ADD00A88E58 /* PIREP_05.png */; };
		756A280118B201BB00100665 /* BlackPin.png in Resources */ = {isa = PBXBuildFile; fileRef = 756A27FE18B201BB00100665 /* BlackPin.png */; };
		756A280218B201BB00100665 /* BluePin.png in Resources */ = {isa = PBXBuildFile; fileRef = 756A27FF18B201BB00100665 /* BluePin.png */; };
		756A280318B201BB00100665 /* PinkPin.png in Resources */ = {isa = PBXBuildFile; fileRef = 756A280018B201BB00100665 /* PinkPin.png */; };
		756A280518B203EB00100665 /* RedPin.png in Resources */ = {isa = PBXBuildFile; fileRef = 756A280418B203EB00100665 /* RedPin.png */; };
		75809374184F280800DFA866 /* NWMSU_AWC_Original_Icon_Image_01.png in Resources */ = {isa = PBXBuildFile; fileRef = 75809373184F280800DFA866 /* NWMSU_AWC_Original_Icon_Image_01.png */; };
		75809376184F280D00DFA866 /* NWMSU_AWC_Original_Icon_Image_02.png in Resources */ = {isa = PBXBuildFile; fileRef = 75809375184F280D00DFA866 /* NWMSU_AWC_Original_Icon_Image_02.png */; };
		759030DC18287B4800D6DB55 /* EditFlightInfo.m in Sources */ = {isa = PBXBuildFile; fileRef = 759030DB18287B4800D6DB55 /* EditFlightInfo.m */; };
		75B7EAD6184BFBBE00AB52D0 /* SettingsVC.m in Sources */ = {isa = PBXBuildFile; fileRef = 75B7EAD5184BFBBE00AB52D0 /* SettingsVC.m */; };
		75B7EB84184C1A7A00AB52D0 /* Default-Portrait~ipad.png in Resources */ = {isa = PBXBuildFile; fileRef = 75B7EB83184C1A7900AB52D0 /* Default-Portrait~ipad.png */; };
		75B7EB86184C1C8800AB52D0 /* Default-Portrait@2x~ipad.png in Resources */ = {isa = PBXBuildFile; fileRef = 75B7EB85184C1C8800AB52D0 /* Default-Portrait@2x~ipad.png */; };
		75B7EB88184C1C9200AB52D0 /* Default-Landscape~ipad.png in Resources */ = {isa = PBXBuildFile; fileRef = 75B7EB87184C1C9200AB52D0 /* Default-Landscape~ipad.png */; };
		75B7EB8A184C1C9700AB52D0 /* Default-Landscape@2x~ipad.png in Resources */ = {isa = PBXBuildFile; fileRef = 75B7EB89184C1C9700AB52D0 /* Default-Landscape@2x~ipad.png */; };
		75B7EB90184D52A700AB52D0 /* TAF.m in Sources */ = {isa = PBXBuildFile; fileRef = 75B7EB8F184D52A700AB52D0 /* TAF.m */; };
		75B7EB94184D543A00AB52D0 /* DisplayTAF.m in Sources */ = {isa = PBXBuildFile; fileRef = 75B7EB92184D543900AB52D0 /* DisplayTAF.m */; };
		75B7EB95184D543A00AB52D0 /* DisplayTAF.xib in Resources */ = {isa = PBXBuildFile; fileRef = 75B7EB93184D543900AB52D0 /* DisplayTAF.xib */; };
		75B7EB98184D59C700AB52D0 /* TAF_View_Tab.m in Sources */ = {isa = PBXBuildFile; fileRef = 75B7EB97184D59C700AB52D0 /* TAF_View_Tab.m */; };
		75B7EBE6184D74F800AB52D0 /* Hazard_View_Tab.m in Sources */ = {isa = PBXBuildFile; fileRef = 75B7EBE5184D74F800AB52D0 /* Hazard_View_Tab.m */; };
		75B7EBEB184D76AF00AB52D0 /* Hazards.m in Sources */ = {isa = PBXBuildFile; fileRef = 75B7EBE8184D758E00AB52D0 /* Hazards.m */; };
		75B7EBEC184D76C800AB52D0 /* HazardsParser.m in Sources */ = {isa = PBXBuildFile; fileRef = 75B7EBEA184D758E00AB52D0 /* HazardsParser.m */; };
		75CC822F180CA5B500616A0F /* CoreLocation.framework in Frameworks */ = {isa = PBXBuildFile; fileRef = 75CC822E180CA5B500616A0F /* CoreLocation.framework */; };
		75CD3E1C190F38F6007CD5F3 /* TimeGroupsVC.m in Sources */ = {isa = PBXBuildFile; fileRef = 75CD3E1A190F38F6007CD5F3 /* TimeGroupsVC.m */; };
		75CD3E1D190F38F6007CD5F3 /* TimeGroupsVC.xib in Resources */ = {isa = PBXBuildFile; fileRef = 75CD3E1B190F38F6007CD5F3 /* TimeGroupsVC.xib */; };
		75CF43EB17F8D34700CCF4F0 /* UIKit.framework in Frameworks */ = {isa = PBXBuildFile; fileRef = 75CF43EA17F8D34700CCF4F0 /* UIKit.framework */; };
		75CF43ED17F8D34700CCF4F0 /* Foundation.framework in Frameworks */ = {isa = PBXBuildFile; fileRef = 75CF43EC17F8D34700CCF4F0 /* Foundation.framework */; };
		75CF43EF17F8D34700CCF4F0 /* CoreGraphics.framework in Frameworks */ = {isa = PBXBuildFile; fileRef = 75CF43EE17F8D34700CCF4F0 /* CoreGraphics.framework */; };
		75CF43F517F8D34700CCF4F0 /* InfoPlist.strings in Resources */ = {isa = PBXBuildFile; fileRef = 75CF43F317F8D34700CCF4F0 /* InfoPlist.strings */; };
		75CF43F717F8D34700CCF4F0 /* main.m in Sources */ = {isa = PBXBuildFile; fileRef = 75CF43F617F8D34700CCF4F0 /* main.m */; };
		75CF43FB17F8D34700CCF4F0 /* AppDelegate.m in Sources */ = {isa = PBXBuildFile; fileRef = 75CF43FA17F8D34700CCF4F0 /* AppDelegate.m */; };
		75CF43FD17F8D34700CCF4F0 /* Default.png in Resources */ = {isa = PBXBuildFile; fileRef = 75CF43FC17F8D34700CCF4F0 /* Default.png */; };
		75CF43FF17F8D34700CCF4F0 /* Default@2x.png in Resources */ = {isa = PBXBuildFile; fileRef = 75CF43FE17F8D34700CCF4F0 /* Default@2x.png */; };
		75CF440117F8D34700CCF4F0 /* Default-568h@2x.png in Resources */ = {isa = PBXBuildFile; fileRef = 75CF440017F8D34700CCF4F0 /* Default-568h@2x.png */; };
		75CF440717F8D34700CCF4F0 /* PIREP_View_Tab.m in Sources */ = {isa = PBXBuildFile; fileRef = 75CF440617F8D34700CCF4F0 /* PIREP_View_Tab.m */; };
		75CF440917F8D34700CCF4F0 /* first.png in Resources */ = {isa = PBXBuildFile; fileRef = 75CF440817F8D34700CCF4F0 /* first.png */; };
		75CF440B17F8D34700CCF4F0 /* first@2x.png in Resources */ = {isa = PBXBuildFile; fileRef = 75CF440A17F8D34700CCF4F0 /* first@2x.png */; };
		75CF440E17F8D34700CCF4F0 /* PIREP_Send_Tab.m in Sources */ = {isa = PBXBuildFile; fileRef = 75CF440D17F8D34700CCF4F0 /* PIREP_Send_Tab.m */; };
		75CF441017F8D34700CCF4F0 /* second.png in Resources */ = {isa = PBXBuildFile; fileRef = 75CF440F17F8D34700CCF4F0 /* second.png */; };
		75CF441217F8D34700CCF4F0 /* second@2x.png in Resources */ = {isa = PBXBuildFile; fileRef = 75CF441117F8D34700CCF4F0 /* second@2x.png */; };
		75CF441917F8D7AF00CCF4F0 /* MapKit.framework in Frameworks */ = {isa = PBXBuildFile; fileRef = 75CF441817F8D7AF00CCF4F0 /* MapKit.framework */; };
		75CF441C17F8DE1000CCF4F0 /* Annotation.m in Sources */ = {isa = PBXBuildFile; fileRef = 75CF441B17F8DE1000CCF4F0 /* Annotation.m */; };
		75D1B71918A9C9FE00EDD7BD /* UserPirep.m in Sources */ = {isa = PBXBuildFile; fileRef = 75D1B71818A9C9FE00EDD7BD /* UserPirep.m */; };
		75D1B71B18AA957B00EDD7BD /* UserPirep.png in Resources */ = {isa = PBXBuildFile; fileRef = 75D1B71A18AA957B00EDD7BD /* UserPirep.png */; };
		75D9D773183205E4000C640C /* Metar.m in Sources */ = {isa = PBXBuildFile; fileRef = 75D9D772183205E4000C640C /* Metar.m */; };
		75D9D777183206C1000C640C /* DisplayMetars.m in Sources */ = {isa = PBXBuildFile; fileRef = 75D9D775183206C1000C640C /* DisplayMetars.m */; };
		75D9D778183206C1000C640C /* DisplayMetars.xib in Resources */ = {isa = PBXBuildFile; fileRef = 75D9D776183206C1000C640C /* DisplayMetars.xib */; };
		75F1115F1910DA9400E45394 /* UserManualVC.m in Sources */ = {isa = PBXBuildFile; fileRef = 75F1115E1910DA9400E45394 /* UserManualVC.m */; };
		75F111651912258000E45394 /* Images.xcassets in Resources */ = {isa = PBXBuildFile; fileRef = 75F111641912258000E45394 /* Images.xcassets */; };
		75F13B07181330110051C7B2 /* DisplayPIREP.m in Sources */ = {isa = PBXBuildFile; fileRef = 75F13B051813300F0051C7B2 /* DisplayPIREP.m */; };
		75F13B08181330110051C7B2 /* DisplayPIREP.xib in Resources */ = {isa = PBXBuildFile; fileRef = 75F13B06181330100051C7B2 /* DisplayPIREP.xib */; };
		75FF65091815009700E18E9E /* FlightInfo.m in Sources */ = {isa = PBXBuildFile; fileRef = 75FF65081815009700E18E9E /* FlightInfo.m */; };
		BC9F31DD19EB5B7E00AA6110 /* tabBar.png in Resources */ = {isa = PBXBuildFile; fileRef = BC9F31DC19EB5B7E00AA6110 /* tabBar.png */; };
		BCB97AF419E5EA6000177259 /* CANCEL.png in Resources */ = {isa = PBXBuildFile; fileRef = BCB97AE519E5EA6000177259 /* CANCEL.png */; };
		BCB97AF519E5EA6000177259 /* CHOP.png in Resources */ = {isa = PBXBuildFile; fileRef = BCB97AE619E5EA6000177259 /* CHOP.png */; };
		BCB97AF619E5EA6000177259 /* CLEAR.png in Resources */ = {isa = PBXBuildFile; fileRef = BCB97AE719E5EA6000177259 /* CLEAR.png */; };
		BCB97AF719E5EA6000177259 /* ICING.png in Resources */ = {isa = PBXBuildFile; fileRef = BCB97AE819E5EA6000177259 /* ICING.png */; };
		BCB97AF819E5EA6000177259 /* LGT.png in Resources */ = {isa = PBXBuildFile; fileRef = BCB97AE919E5EA6000177259 /* LGT.png */; };
		BCB97AF919E5EA6000177259 /* MIXED.png in Resources */ = {isa = PBXBuildFile; fileRef = BCB97AEA19E5EA6000177259 /* MIXED.png */; };
		BCB97AFA19E5EA6000177259 /* MOD.png in Resources */ = {isa = PBXBuildFile; fileRef = BCB97AEB19E5EA6000177259 /* MOD.png */; };
		BCB97AFB19E5EA6000177259 /* MTNWV.png in Resources */ = {isa = PBXBuildFile; fileRef = BCB97AEC19E5EA6000177259 /* MTNWV.png */; };
		BCB97AFC19E5EA6000177259 /* NEG.png in Resources */ = {isa = PBXBuildFile; fileRef = BCB97AED19E5EA6000177259 /* NEG.png */; };
		BCB97AFD19E5EA6000177259 /* RIME.png in Resources */ = {isa = PBXBuildFile; fileRef = BCB97AEE19E5EA6000177259 /* RIME.png */; };
		BCB97AFE19E5EA6000177259 /* SEND.png in Resources */ = {isa = PBXBuildFile; fileRef = BCB97AEF19E5EA6000177259 /* SEND.png */; };
		BCB97AFF19E5EA6000177259 /* SendPirep.jpg in Resources */ = {isa = PBXBuildFile; fileRef = BCB97AF019E5EA6000177259 /* SendPirep.jpg */; };
		BCB97B0019E5EA6000177259 /* SEV.png in Resources */ = {isa = PBXBuildFile; fileRef = BCB97AF119E5EA6000177259 /* SEV.png */; };
		BCB97B0119E5EA6000177259 /* TRACE.png in Resources */ = {isa = PBXBuildFile; fileRef = BCB97AF219E5EA6000177259 /* TRACE.png */; };
		BCB97B0219E5EA6000177259 /* TURB.png in Resources */ = {isa = PBXBuildFile; fileRef = BCB97AF319E5EA6000177259 /* TURB.png */; };
		CA08E95719D779A6002A098B /* AWC_Login Screen1.png in Resources */ = {isa = PBXBuildFile; fileRef = CA08E95619D779A6002A098B /* AWC_Login Screen1.png */; };
		CA0A74A31A799FBF007491A0 /* RegExCategories.m in Sources */ = {isa = PBXBuildFile; fileRef = CA0A74A21A799FBF007491A0 /* RegExCategories.m */; };
		CA2AB73919FCFA9C00C624C0 /* category drop.png in Resources */ = {isa = PBXBuildFile; fileRef = CA2AB73619FCFA9C00C624C0 /* category drop.png */; };
		CA2AB73B19FCFA9C00C624C0 /* SendPirepBack.png in Resources */ = {isa = PBXBuildFile; fileRef = CA2AB73819FCFA9C00C624C0 /* SendPirepBack.png */; };
		CA2AB74419FF158A00C624C0 /* pirepView.png in Resources */ = {isa = PBXBuildFile; fileRef = CA2AB74219FF158A00C624C0 /* pirepView.png */; };
		CA2AB74519FF158A00C624C0 /* pirepSender.png in Resources */ = {isa = PBXBuildFile; fileRef = CA2AB74319FF158A00C624C0 /* pirepSender.png */; };
		CA2AB74719FF16AB00C624C0 /* map.png in Resources */ = {isa = PBXBuildFile; fileRef = CA2AB74619FF16AB00C624C0 /* map.png */; };
		CA2AB74B19FF1C0400C624C0 /* TabBarBackground.png in Resources */ = {isa = PBXBuildFile; fileRef = CA2AB74919FF1C0400C624C0 /* TabBarBackground.png */; };
		CA2AB75219FF308800C624C0 /* email.png in Resources */ = {isa = PBXBuildFile; fileRef = CA2AB74C19FF308800C624C0 /* email.png */; };
		CA2AB75319FF308800C624C0 /* hazard.png in Resources */ = {isa = PBXBuildFile; fileRef = CA2AB74D19FF308800C624C0 /* hazard.png */; };
		CA2AB75419FF308800C624C0 /* METARS.png in Resources */ = {isa = PBXBuildFile; fileRef = CA2AB74E19FF308800C624C0 /* METARS.png */; };
		CA2AB75519FF308800C624C0 /* plane_4.png in Resources */ = {isa = PBXBuildFile; fileRef = CA2AB74F19FF308800C624C0 /* plane_4.png */; };
		CA2AB75619FF308800C624C0 /* TabBarBackground1.png in Resources */ = {isa = PBXBuildFile; fileRef = CA2AB75019FF308800C624C0 /* TabBarBackground1.png */; };
		CA2AB75719FF308800C624C0 /* TabBarBackground2.png in Resources */ = {isa = PBXBuildFile; fileRef = CA2AB75119FF308800C624C0 /* TabBarBackground2.png */; };
		CA2E084A1A21B28C00B18EF4 /* zoomOut.png in Resources */ = {isa = PBXBuildFile; fileRef = CA2E08471A21B28C00B18EF4 /* zoomOut.png */; };
		CA2E084B1A21B28C00B18EF4 /* zoomIn.png in Resources */ = {isa = PBXBuildFile; fileRef = CA2E08481A21B28C00B18EF4 /* zoomIn.png */; };
		CA2E084C1A21B28C00B18EF4 /* levelAdd.png in Resources */ = {isa = PBXBuildFile; fileRef = CA2E08491A21B28C00B18EF4 /* levelAdd.png */; };
		CA3E31291A2A818F003D6AFB /* Pirep+TTF.m in Sources */ = {isa = PBXBuildFile; fileRef = CA3E31281A2A818F003D6AFB /* Pirep+TTF.m */; };
		CA3E312C1A2AB040003D6AFB /* UserPirep+TTF.m in Sources */ = {isa = PBXBuildFile; fileRef = CA3E312B1A2AB040003D6AFB /* UserPirep+TTF.m */; };
		CA495DF519FFD5380010FE13 /* footer.png in Resources */ = {isa = PBXBuildFile; fileRef = CA495DF419FFD5380010FE13 /* footer.png */; };
		CA495DF719FFD6B40010FE13 /* header.png in Resources */ = {isa = PBXBuildFile; fileRef = CA495DF619FFD6B40010FE13 /* header.png */; };
		CA495DFB19FFE25A0010FE13 /* SelectedTab.png in Resources */ = {isa = PBXBuildFile; fileRef = CA495DFA19FFE25A0010FE13 /* SelectedTab.png */; };
		CA9BBBEA1A15637B00C6DC65 /* transparent.png in Resources */ = {isa = PBXBuildFile; fileRef = CA9BBBE91A15637B00C6DC65 /* transparent.png */; };
		CABAE9011A1C8E8A00026252 /* Weather.ttf in Resources */ = {isa = PBXBuildFile; fileRef = CABAE9001A1C8E8A00026252 /* Weather.ttf */; };
		CABAE9081A1C961400026252 /* Metar+TTF.m in Sources */ = {isa = PBXBuildFile; fileRef = CABAE9071A1C961400026252 /* Metar+TTF.m */; };
		CABAE90E1A1EB23E00026252 /* WindWeather.ttf in Resources */ = {isa = PBXBuildFile; fileRef = CABAE90D1A1EB23E00026252 /* WindWeather.ttf */; };
		CAEA69C519D2882300BDD8EA /* MainStoryboard.storyboard in Resources */ = {isa = PBXBuildFile; fileRef = CAEA69C419D2882300BDD8EA /* MainStoryboard.storyboard */; };
		CAEA69C719D29DB100BDD8EA /* AWC_Login Screen.png in Resources */ = {isa = PBXBuildFile; fileRef = CAEA69C619D29DB100BDD8EA /* AWC_Login Screen.png */; };
/* End PBXBuildFile section */

/* Begin PBXFileReference section */
		75002BBE1809E8780031F4C1 /* Pirep.h */ = {isa = PBXFileReference; lastKnownFileType = sourcecode.c.h; path = Pirep.h; sourceTree = "<group>"; };
		75002BBF1809E8780031F4C1 /* Pirep.m */ = {isa = PBXFileReference; lastKnownFileType = sourcecode.c.objc; path = Pirep.m; sourceTree = "<group>"; };
		75039FAD1847F42F00BF48C9 /* TabBarVC.h */ = {isa = PBXFileReference; fileEncoding = 4; lastKnownFileType = sourcecode.c.h; path = TabBarVC.h; sourceTree = "<group>"; };
		75039FAE1847F42F00BF48C9 /* TabBarVC.m */ = {isa = PBXFileReference; fileEncoding = 4; lastKnownFileType = sourcecode.c.objc; path = TabBarVC.m; sourceTree = "<group>"; };
		750559BA18C414F200028670 /* Loading 01.png */ = {isa = PBXFileReference; lastKnownFileType = image.png; name = "Loading 01.png"; path = "../Loading 01.png"; sourceTree = "<group>"; };
		750559BB18C414F200028670 /* Loading 02.png */ = {isa = PBXFileReference; lastKnownFileType = image.png; name = "Loading 02.png"; path = "../Loading 02.png"; sourceTree = "<group>"; };
		750559BC18C414F200028670 /* Loading_Background.png */ = {isa = PBXFileReference; lastKnownFileType = image.png; name = Loading_Background.png; path = ../Loading_Background.png; sourceTree = "<group>"; };
		7516E55A183C014000DAACBD /* PIREP_02.png */ = {isa = PBXFileReference; lastKnownFileType = image.png; path = PIREP_02.png; sourceTree = "<group>"; };
		7516E55C183C036600DAACBD /* PIREP_04.png */ = {isa = PBXFileReference; lastKnownFileType = image.png; path = PIREP_04.png; sourceTree = "<group>"; };
		75385B3E190662D60094C4D1 /* User.png */ = {isa = PBXFileReference; lastKnownFileType = image.png; path = User.png; sourceTree = "<group>"; };
		753C0581183986B600E8FDCC /* Metar_View_Tab.h */ = {isa = PBXFileReference; fileEncoding = 4; lastKnownFileType = sourcecode.c.h; path = Metar_View_Tab.h; sourceTree = "<group>"; };
		753C0582183986B600E8FDCC /* Metar_View_Tab.m */ = {isa = PBXFileReference; fileEncoding = 4; lastKnownFileType = sourcecode.c.objc; path = Metar_View_Tab.m; sourceTree = "<group>"; };
		754D1D41186288E700A88E58 /* -DZ.png */ = {isa = PBXFileReference; lastKnownFileType = image.png; path = "-DZ.png"; sourceTree = "<group>"; };
		754D1D42186288E700A88E58 /* -DZRA.png */ = {isa = PBXFileReference; lastKnownFileType = image.png; path = "-DZRA.png"; sourceTree = "<group>"; };
		754D1D43186288E700A88E58 /* -FZDZ.png */ = {isa = PBXFileReference; lastKnownFileType = image.png; path = "-FZDZ.png"; sourceTree = "<group>"; };
		754D1D44186288E700A88E58 /* -FZRA.png */ = {isa = PBXFileReference; lastKnownFileType = image.png; path = "-FZRA.png"; sourceTree = "<group>"; };
		754D1D45186288E700A88E58 /* -GR.png */ = {isa = PBXFileReference; lastKnownFileType = image.png; path = "-GR.png"; sourceTree = "<group>"; };
		754D1D46186288E700A88E58 /* -GS.png */ = {isa = PBXFileReference; lastKnownFileType = image.png; path = "-GS.png"; sourceTree = "<group>"; };
		754D1D47186288E700A88E58 /* -RA.png */ = {isa = PBXFileReference; lastKnownFileType = image.png; path = "-RA.png"; sourceTree = "<group>"; };
		754D1D48186288E700A88E58 /* -RASN.png */ = {isa = PBXFileReference; lastKnownFileType = image.png; path = "-RASN.png"; sourceTree = "<group>"; };
		754D1D49186288E700A88E58 /* -SH.png */ = {isa = PBXFileReference; lastKnownFileType = image.png; path = "-SH.png"; sourceTree = "<group>"; };
		754D1D4A186288E700A88E58 /* -SHGR.png */ = {isa = PBXFileReference; lastKnownFileType = image.png; path = "-SHGR.png"; sourceTree = "<group>"; };
		754D1D4B186288E700A88E58 /* -SHGS.png */ = {isa = PBXFileReference; lastKnownFileType = image.png; path = "-SHGS.png"; sourceTree = "<group>"; };
		754D1D4C186288E700A88E58 /* -SHRA.png */ = {isa = PBXFileReference; lastKnownFileType = image.png; path = "-SHRA.png"; sourceTree = "<group>"; };
		754D1D4D186288E700A88E58 /* -SHRASN.png */ = {isa = PBXFileReference; lastKnownFileType = image.png; path = "-SHRASN.png"; sourceTree = "<group>"; };
		754D1D4E186288E700A88E58 /* -SHSN.png */ = {isa = PBXFileReference; lastKnownFileType = image.png; path = "-SHSN.png"; sourceTree = "<group>"; };
		754D1D4F186288E700A88E58 /* -SHSNRA.png */ = {isa = PBXFileReference; lastKnownFileType = image.png; path = "-SHSNRA.png"; sourceTree = "<group>"; };
		754D1D50186288E700A88E58 /* -SN.png */ = {isa = PBXFileReference; lastKnownFileType = image.png; path = "-SN.png"; sourceTree = "<group>"; };
		754D1D51186288E700A88E58 /* -TSRA.png */ = {isa = PBXFileReference; lastKnownFileType = image.png; path = "-TSRA.png"; sourceTree = "<group>"; };
		754D1D52186288E700A88E58 /* -TSSN.png */ = {isa = PBXFileReference; lastKnownFileType = image.png; path = "-TSSN.png"; sourceTree = "<group>"; };
		754D1D53186288E700A88E58 /* +DZ.png */ = {isa = PBXFileReference; lastKnownFileType = image.png; path = "+DZ.png"; sourceTree = "<group>"; };
		754D1D54186288E700A88E58 /* +FZDZ.png */ = {isa = PBXFileReference; lastKnownFileType = image.png; path = "+FZDZ.png"; sourceTree = "<group>"; };
		754D1D55186288E700A88E58 /* +FZRA.png */ = {isa = PBXFileReference; lastKnownFileType = image.png; path = "+FZRA.png"; sourceTree = "<group>"; };
		754D1D56186288E700A88E58 /* +GR.png */ = {isa = PBXFileReference; lastKnownFileType = image.png; path = "+GR.png"; sourceTree = "<group>"; };
		754D1D57186288E700A88E58 /* +GS.png */ = {isa = PBXFileReference; lastKnownFileType = image.png; path = "+GS.png"; sourceTree = "<group>"; };
		754D1D58186288E700A88E58 /* +RA.png */ = {isa = PBXFileReference; lastKnownFileType = image.png; path = "+RA.png"; sourceTree = "<group>"; };
		754D1D59186288E700A88E58 /* +SHGR.png */ = {isa = PBXFileReference; lastKnownFileType = image.png; path = "+SHGR.png"; sourceTree = "<group>"; };
		754D1D5A186288E700A88E58 /* +SHGS.png */ = {isa = PBXFileReference; lastKnownFileType = image.png; path = "+SHGS.png"; sourceTree = "<group>"; };
		754D1D5B186288E700A88E58 /* +SHRA.png */ = {isa = PBXFileReference; lastKnownFileType = image.png; path = "+SHRA.png"; sourceTree = "<group>"; };
		754D1D5C186288E700A88E58 /* +SHRASN.png */ = {isa = PBXFileReference; lastKnownFileType = image.png; path = "+SHRASN.png"; sourceTree = "<group>"; };
		754D1D5D186288E700A88E58 /* +SHSN.png */ = {isa = PBXFileReference; lastKnownFileType = image.png; path = "+SHSN.png"; sourceTree = "<group>"; };
		754D1D5E186288E700A88E58 /* +SHSNRA.png */ = {isa = PBXFileReference; lastKnownFileType = image.png; path = "+SHSNRA.png"; sourceTree = "<group>"; };
		754D1D5F186288E700A88E58 /* +SN.png */ = {isa = PBXFileReference; lastKnownFileType = image.png; path = "+SN.png"; sourceTree = "<group>"; };
		754D1D60186288E700A88E58 /* +SS.png */ = {isa = PBXFileReference; lastKnownFileType = image.png; path = "+SS.png"; sourceTree = "<group>"; };
		754D1D61186288E700A88E58 /* +TSGR.png */ = {isa = PBXFileReference; lastKnownFileType = image.png; path = "+TSGR.png"; sourceTree = "<group>"; };
		754D1D62186288E700A88E58 /* +TSGRRA.png */ = {isa = PBXFileReference; lastKnownFileType = image.png; path = "+TSGRRA.png"; sourceTree = "<group>"; };
		754D1D63186288E700A88E58 /* +TSGS.png */ = {isa = PBXFileReference; lastKnownFileType = image.png; path = "+TSGS.png"; sourceTree = "<group>"; };
		754D1D64186288E700A88E58 /* +TSRA.png */ = {isa = PBXFileReference; lastKnownFileType = image.png; path = "+TSRA.png"; sourceTree = "<group>"; };
		754D1D65186288E700A88E58 /* +TSSN.png */ = {isa = PBXFileReference; lastKnownFileType = image.png; path = "+TSSN.png"; sourceTree = "<group>"; };
		754D1D66186288E700A88E58 /* BCFG.png */ = {isa = PBXFileReference; lastKnownFileType = image.png; path = BCFG.png; sourceTree = "<group>"; };
		754D1D67186288E700A88E58 /* BLSN.png */ = {isa = PBXFileReference; lastKnownFileType = image.png; path = BLSN.png; sourceTree = "<group>"; };
		754D1D68186288E700A88E58 /* BR.png */ = {isa = PBXFileReference; lastKnownFileType = image.png; path = BR.png; sourceTree = "<group>"; };
		754D1D69186288E700A88E58 /* DRSN.png */ = {isa = PBXFileReference; lastKnownFileType = image.png; path = DRSN.png; sourceTree = "<group>"; };
		754D1D6A186288E700A88E58 /* DU.png */ = {isa = PBXFileReference; lastKnownFileType = image.png; path = DU.png; sourceTree = "<group>"; };
		754D1D6B186288E700A88E58 /* DZ.png */ = {isa = PBXFileReference; lastKnownFileType = image.png; path = DZ.png; sourceTree = "<group>"; };
		754D1D6C186288E700A88E58 /* DZRA.png */ = {isa = PBXFileReference; lastKnownFileType = image.png; path = DZRA.png; sourceTree = "<group>"; };
		754D1D6D186288E700A88E58 /* FC.png */ = {isa = PBXFileReference; lastKnownFileType = image.png; path = FC.png; sourceTree = "<group>"; };
		754D1D6E186288E700A88E58 /* FG.png */ = {isa = PBXFileReference; lastKnownFileType = image.png; path = FG.png; sourceTree = "<group>"; };
		754D1D6F186288E700A88E58 /* FU.png */ = {isa = PBXFileReference; lastKnownFileType = image.png; path = FU.png; sourceTree = "<group>"; };
		754D1D70186288E700A88E58 /* FZDZ.png */ = {isa = PBXFileReference; lastKnownFileType = image.png; path = FZDZ.png; sourceTree = "<group>"; };
		754D1D71186288E700A88E58 /* FZFG.png */ = {isa = PBXFileReference; lastKnownFileType = image.png; path = FZFG.png; sourceTree = "<group>"; };
		754D1D72186288E700A88E58 /* FZRA.png */ = {isa = PBXFileReference; lastKnownFileType = image.png; path = FZRA.png; sourceTree = "<group>"; };
		754D1D73186288E700A88E58 /* GR.png */ = {isa = PBXFileReference; lastKnownFileType = image.png; path = GR.png; sourceTree = "<group>"; };
		754D1D74186288E700A88E58 /* GS.png */ = {isa = PBXFileReference; lastKnownFileType = image.png; path = GS.png; sourceTree = "<group>"; };
		754D1D75186288E700A88E58 /* HZ.png */ = {isa = PBXFileReference; lastKnownFileType = image.png; path = HZ.png; sourceTree = "<group>"; };
		754D1D76186288E700A88E58 /* IC.png */ = {isa = PBXFileReference; lastKnownFileType = image.png; path = IC.png; sourceTree = "<group>"; };
		754D1D77186288E700A88E58 /* MIFG.png */ = {isa = PBXFileReference; lastKnownFileType = image.png; path = MIFG.png; sourceTree = "<group>"; };
		754D1D78186288E700A88E58 /* NULL.png */ = {isa = PBXFileReference; lastKnownFileType = image.png; path = NULL.png; sourceTree = "<group>"; };
		754D1D79186288E700A88E58 /* PE.png */ = {isa = PBXFileReference; lastKnownFileType = image.png; path = PE.png; sourceTree = "<group>"; };
		754D1D7A186288E700A88E58 /* PL.png */ = {isa = PBXFileReference; lastKnownFileType = image.png; path = PL.png; sourceTree = "<group>"; };
		754D1D7B186288E700A88E58 /* PO.png */ = {isa = PBXFileReference; lastKnownFileType = image.png; path = PO.png; sourceTree = "<group>"; };
		754D1D7C186288E700A88E58 /* PRFG.png */ = {isa = PBXFileReference; lastKnownFileType = image.png; path = PRFG.png; sourceTree = "<group>"; };
		754D1D7D186288E700A88E58 /* RA.png */ = {isa = PBXFileReference; lastKnownFileType = image.png; path = RA.png; sourceTree = "<group>"; };
		754D1D7E186288E700A88E58 /* RASN.png */ = {isa = PBXFileReference; lastKnownFileType = image.png; path = RASN.png; sourceTree = "<group>"; };
		754D1D7F186288E700A88E58 /* SA.png */ = {isa = PBXFileReference; lastKnownFileType = image.png; path = SA.png; sourceTree = "<group>"; };
		754D1D80186288E700A88E58 /* SG.png */ = {isa = PBXFileReference; lastKnownFileType = image.png; path = SG.png; sourceTree = "<group>"; };
		754D1D81186288E700A88E58 /* SH.png */ = {isa = PBXFileReference; lastKnownFileType = image.png; path = SH.png; sourceTree = "<group>"; };
		754D1D82186288E700A88E58 /* SHGR.png */ = {isa = PBXFileReference; lastKnownFileType = image.png; path = SHGR.png; sourceTree = "<group>"; };
		754D1D83186288E700A88E58 /* SHGS.png */ = {isa = PBXFileReference; lastKnownFileType = image.png; path = SHGS.png; sourceTree = "<group>"; };
		754D1D84186288E700A88E58 /* SHRA.png */ = {isa = PBXFileReference; lastKnownFileType = image.png; path = SHRA.png; sourceTree = "<group>"; };
		754D1D85186288E700A88E58 /* SHRASN.png */ = {isa = PBXFileReference; lastKnownFileType = image.png; path = SHRASN.png; sourceTree = "<group>"; };
		754D1D86186288E700A88E58 /* SHSN.png */ = {isa = PBXFileReference; lastKnownFileType = image.png; path = SHSN.png; sourceTree = "<group>"; };
		754D1D87186288E700A88E58 /* SHSNRA.png */ = {isa = PBXFileReference; lastKnownFileType = image.png; path = SHSNRA.png; sourceTree = "<group>"; };
		754D1D88186288E700A88E58 /* SN.png */ = {isa = PBXFileReference; lastKnownFileType = image.png; path = SN.png; sourceTree = "<group>"; };
		754D1D89186288E700A88E58 /* SQ.png */ = {isa = PBXFileReference; lastKnownFileType = image.png; path = SQ.png; sourceTree = "<group>"; };
		754D1D8A186288E700A88E58 /* SS.png */ = {isa = PBXFileReference; lastKnownFileType = image.png; path = SS.png; sourceTree = "<group>"; };
		754D1D8B186288E700A88E58 /* TS.png */ = {isa = PBXFileReference; lastKnownFileType = image.png; path = TS.png; sourceTree = "<group>"; };
		754D1D8C186288E700A88E58 /* TSGR.png */ = {isa = PBXFileReference; lastKnownFileType = image.png; path = TSGR.png; sourceTree = "<group>"; };
		754D1D8D186288E700A88E58 /* TSGS.png */ = {isa = PBXFileReference; lastKnownFileType = image.png; path = TSGS.png; sourceTree = "<group>"; };
		754D1D8E186288E700A88E58 /* TSRA.png */ = {isa = PBXFileReference; lastKnownFileType = image.png; path = TSRA.png; sourceTree = "<group>"; };
		754D1D8F186288E700A88E58 /* TSSN.png */ = {isa = PBXFileReference; lastKnownFileType = image.png; path = TSSN.png; sourceTree = "<group>"; };
		754D1D90186288E700A88E58 /* UP.png */ = {isa = PBXFileReference; lastKnownFileType = image.png; path = UP.png; sourceTree = "<group>"; };
		754D1D91186288E700A88E58 /* VCFG.png */ = {isa = PBXFileReference; lastKnownFileType = image.png; path = VCFG.png; sourceTree = "<group>"; };
		754D1D92186288E700A88E58 /* VCSH.png */ = {isa = PBXFileReference; lastKnownFileType = image.png; path = VCSH.png; sourceTree = "<group>"; };
		754D1D93186288E700A88E58 /* VCSS.png */ = {isa = PBXFileReference; lastKnownFileType = image.png; path = VCSS.png; sourceTree = "<group>"; };
		754D1D94186288E700A88E58 /* VCTS.png */ = {isa = PBXFileReference; lastKnownFileType = image.png; path = VCTS.png; sourceTree = "<group>"; };
		754D1D95186288E700A88E58 /* VIRGA.png */ = {isa = PBXFileReference; lastKnownFileType = image.png; path = VIRGA.png; sourceTree = "<group>"; };
		754D1DEB18628ADD00A88E58 /* PIREP_05.png */ = {isa = PBXFileReference; lastKnownFileType = image.png; path = PIREP_05.png; sourceTree = "<group>"; };
		756A27FE18B201BB00100665 /* BlackPin.png */ = {isa = PBXFileReference; lastKnownFileType = image.png; path = BlackPin.png; sourceTree = "<group>"; };
		756A27FF18B201BB00100665 /* BluePin.png */ = {isa = PBXFileReference; lastKnownFileType = image.png; path = BluePin.png; sourceTree = "<group>"; };
		756A280018B201BB00100665 /* PinkPin.png */ = {isa = PBXFileReference; lastKnownFileType = image.png; path = PinkPin.png; sourceTree = "<group>"; };
		756A280418B203EB00100665 /* RedPin.png */ = {isa = PBXFileReference; lastKnownFileType = image.png; path = RedPin.png; sourceTree = "<group>"; };
		75809373184F280800DFA866 /* NWMSU_AWC_Original_Icon_Image_01.png */ = {isa = PBXFileReference; lastKnownFileType = image.png; path = NWMSU_AWC_Original_Icon_Image_01.png; sourceTree = "<group>"; };
		75809375184F280D00DFA866 /* NWMSU_AWC_Original_Icon_Image_02.png */ = {isa = PBXFileReference; lastKnownFileType = image.png; path = NWMSU_AWC_Original_Icon_Image_02.png; sourceTree = "<group>"; };
		759030DA18287B4800D6DB55 /* EditFlightInfo.h */ = {isa = PBXFileReference; fileEncoding = 4; lastKnownFileType = sourcecode.c.h; path = EditFlightInfo.h; sourceTree = "<group>"; };
		759030DB18287B4800D6DB55 /* EditFlightInfo.m */ = {isa = PBXFileReference; fileEncoding = 4; lastKnownFileType = sourcecode.c.objc; path = EditFlightInfo.m; sourceTree = "<group>"; };
		75B7EAD4184BFBBD00AB52D0 /* SettingsVC.h */ = {isa = PBXFileReference; fileEncoding = 4; lastKnownFileType = sourcecode.c.h; path = SettingsVC.h; sourceTree = "<group>"; };
		75B7EAD5184BFBBE00AB52D0 /* SettingsVC.m */ = {isa = PBXFileReference; fileEncoding = 4; lastKnownFileType = sourcecode.c.objc; path = SettingsVC.m; sourceTree = "<group>"; };
		75B7EB83184C1A7900AB52D0 /* Default-Portrait~ipad.png */ = {isa = PBXFileReference; lastKnownFileType = image.png; path = "Default-Portrait~ipad.png"; sourceTree = "<group>"; };
		75B7EB85184C1C8800AB52D0 /* Default-Portrait@2x~ipad.png */ = {isa = PBXFileReference; lastKnownFileType = image.png; path = "Default-Portrait@2x~ipad.png"; sourceTree = "<group>"; };
		75B7EB87184C1C9200AB52D0 /* Default-Landscape~ipad.png */ = {isa = PBXFileReference; lastKnownFileType = image.png; path = "Default-Landscape~ipad.png"; sourceTree = "<group>"; };
		75B7EB89184C1C9700AB52D0 /* Default-Landscape@2x~ipad.png */ = {isa = PBXFileReference; lastKnownFileType = image.png; path = "Default-Landscape@2x~ipad.png"; sourceTree = "<group>"; };
		75B7EB8E184D52A700AB52D0 /* TAF.h */ = {isa = PBXFileReference; fileEncoding = 4; lastKnownFileType = sourcecode.c.h; path = TAF.h; sourceTree = "<group>"; };
		75B7EB8F184D52A700AB52D0 /* TAF.m */ = {isa = PBXFileReference; fileEncoding = 4; lastKnownFileType = sourcecode.c.objc; path = TAF.m; sourceTree = "<group>"; };
		75B7EB91184D543900AB52D0 /* DisplayTAF.h */ = {isa = PBXFileReference; fileEncoding = 4; lastKnownFileType = sourcecode.c.h; path = DisplayTAF.h; sourceTree = "<group>"; };
		75B7EB92184D543900AB52D0 /* DisplayTAF.m */ = {isa = PBXFileReference; fileEncoding = 4; lastKnownFileType = sourcecode.c.objc; path = DisplayTAF.m; sourceTree = "<group>"; };
		75B7EB93184D543900AB52D0 /* DisplayTAF.xib */ = {isa = PBXFileReference; fileEncoding = 4; lastKnownFileType = file.xib; path = DisplayTAF.xib; sourceTree = "<group>"; };
		75B7EB96184D59C700AB52D0 /* TAF_View_Tab.h */ = {isa = PBXFileReference; fileEncoding = 4; lastKnownFileType = sourcecode.c.h; path = TAF_View_Tab.h; sourceTree = "<group>"; };
		75B7EB97184D59C700AB52D0 /* TAF_View_Tab.m */ = {isa = PBXFileReference; fileEncoding = 4; lastKnownFileType = sourcecode.c.objc; path = TAF_View_Tab.m; sourceTree = "<group>"; };
		75B7EBE4184D74F800AB52D0 /* Hazard_View_Tab.h */ = {isa = PBXFileReference; fileEncoding = 4; lastKnownFileType = sourcecode.c.h; path = Hazard_View_Tab.h; sourceTree = "<group>"; };
		75B7EBE5184D74F800AB52D0 /* Hazard_View_Tab.m */ = {isa = PBXFileReference; fileEncoding = 4; lastKnownFileType = sourcecode.c.objc; path = Hazard_View_Tab.m; sourceTree = "<group>"; };
		75B7EBE7184D758E00AB52D0 /* Hazards.h */ = {isa = PBXFileReference; lastKnownFileType = sourcecode.c.h; path = Hazards.h; sourceTree = "<group>"; };
		75B7EBE8184D758E00AB52D0 /* Hazards.m */ = {isa = PBXFileReference; lastKnownFileType = sourcecode.c.objc; path = Hazards.m; sourceTree = "<group>"; };
		75B7EBE9184D758E00AB52D0 /* HazardsParser.h */ = {isa = PBXFileReference; lastKnownFileType = sourcecode.c.h; path = HazardsParser.h; sourceTree = "<group>"; };
		75B7EBEA184D758E00AB52D0 /* HazardsParser.m */ = {isa = PBXFileReference; lastKnownFileType = sourcecode.c.objc; path = HazardsParser.m; sourceTree = "<group>"; };
		75CC822E180CA5B500616A0F /* CoreLocation.framework */ = {isa = PBXFileReference; lastKnownFileType = wrapper.framework; name = CoreLocation.framework; path = System/Library/Frameworks/CoreLocation.framework; sourceTree = SDKROOT; };
		75CD3E19190F38F6007CD5F3 /* TimeGroupsVC.h */ = {isa = PBXFileReference; fileEncoding = 4; lastKnownFileType = sourcecode.c.h; path = TimeGroupsVC.h; sourceTree = "<group>"; };
		75CD3E1A190F38F6007CD5F3 /* TimeGroupsVC.m */ = {isa = PBXFileReference; fileEncoding = 4; lastKnownFileType = sourcecode.c.objc; path = TimeGroupsVC.m; sourceTree = "<group>"; };
		75CD3E1B190F38F6007CD5F3 /* TimeGroupsVC.xib */ = {isa = PBXFileReference; fileEncoding = 4; lastKnownFileType = file.xib; path = TimeGroupsVC.xib; sourceTree = "<group>"; };
		75CF43E717F8D34700CCF4F0 /* GA Weather.app */ = {isa = PBXFileReference; explicitFileType = wrapper.application; includeInIndex = 0; path = "GA Weather.app"; sourceTree = BUILT_PRODUCTS_DIR; };
		75CF43EA17F8D34700CCF4F0 /* UIKit.framework */ = {isa = PBXFileReference; lastKnownFileType = wrapper.framework; name = UIKit.framework; path = System/Library/Frameworks/UIKit.framework; sourceTree = SDKROOT; };
		75CF43EC17F8D34700CCF4F0 /* Foundation.framework */ = {isa = PBXFileReference; lastKnownFileType = wrapper.framework; name = Foundation.framework; path = System/Library/Frameworks/Foundation.framework; sourceTree = SDKROOT; };
		75CF43EE17F8D34700CCF4F0 /* CoreGraphics.framework */ = {isa = PBXFileReference; lastKnownFileType = wrapper.framework; name = CoreGraphics.framework; path = System/Library/Frameworks/CoreGraphics.framework; sourceTree = SDKROOT; };
		75CF43F217F8D34700CCF4F0 /* GA Weather-Info.plist */ = {isa = PBXFileReference; lastKnownFileType = text.plist.xml; path = "GA Weather-Info.plist"; sourceTree = "<group>"; };
		75CF43F417F8D34700CCF4F0 /* en */ = {isa = PBXFileReference; lastKnownFileType = text.plist.strings; name = en; path = en.lproj/InfoPlist.strings; sourceTree = "<group>"; };
		75CF43F617F8D34700CCF4F0 /* main.m */ = {isa = PBXFileReference; lastKnownFileType = sourcecode.c.objc; path = main.m; sourceTree = "<group>"; };
		75CF43F817F8D34700CCF4F0 /* GA Weather-Prefix.pch */ = {isa = PBXFileReference; lastKnownFileType = sourcecode.c.h; path = "GA Weather-Prefix.pch"; sourceTree = "<group>"; };
		75CF43F917F8D34700CCF4F0 /* AppDelegate.h */ = {isa = PBXFileReference; lastKnownFileType = sourcecode.c.h; path = AppDelegate.h; sourceTree = "<group>"; };
		75CF43FA17F8D34700CCF4F0 /* AppDelegate.m */ = {isa = PBXFileReference; lastKnownFileType = sourcecode.c.objc; path = AppDelegate.m; sourceTree = "<group>"; };
		75CF43FC17F8D34700CCF4F0 /* Default.png */ = {isa = PBXFileReference; lastKnownFileType = image.png; path = Default.png; sourceTree = "<group>"; };
		75CF43FE17F8D34700CCF4F0 /* Default@2x.png */ = {isa = PBXFileReference; lastKnownFileType = image.png; path = "Default@2x.png"; sourceTree = "<group>"; };
		75CF440017F8D34700CCF4F0 /* Default-568h@2x.png */ = {isa = PBXFileReference; lastKnownFileType = image.png; path = "Default-568h@2x.png"; sourceTree = "<group>"; };
		75CF440517F8D34700CCF4F0 /* PIREP_View_Tab.h */ = {isa = PBXFileReference; lastKnownFileType = sourcecode.c.h; path = PIREP_View_Tab.h; sourceTree = "<group>"; };
		75CF440617F8D34700CCF4F0 /* PIREP_View_Tab.m */ = {isa = PBXFileReference; lastKnownFileType = sourcecode.c.objc; path = PIREP_View_Tab.m; sourceTree = "<group>"; };
		75CF440817F8D34700CCF4F0 /* first.png */ = {isa = PBXFileReference; lastKnownFileType = image.png; path = first.png; sourceTree = "<group>"; };
		75CF440A17F8D34700CCF4F0 /* first@2x.png */ = {isa = PBXFileReference; lastKnownFileType = image.png; path = "first@2x.png"; sourceTree = "<group>"; };
		75CF440C17F8D34700CCF4F0 /* PIREP_Send_Tab.h */ = {isa = PBXFileReference; lastKnownFileType = sourcecode.c.h; path = PIREP_Send_Tab.h; sourceTree = "<group>"; };
		75CF440D17F8D34700CCF4F0 /* PIREP_Send_Tab.m */ = {isa = PBXFileReference; lastKnownFileType = sourcecode.c.objc; path = PIREP_Send_Tab.m; sourceTree = "<group>"; };
		75CF440F17F8D34700CCF4F0 /* second.png */ = {isa = PBXFileReference; lastKnownFileType = image.png; path = second.png; sourceTree = "<group>"; };
		75CF441117F8D34700CCF4F0 /* second@2x.png */ = {isa = PBXFileReference; lastKnownFileType = image.png; path = "second@2x.png"; sourceTree = "<group>"; };
		75CF441817F8D7AF00CCF4F0 /* MapKit.framework */ = {isa = PBXFileReference; lastKnownFileType = wrapper.framework; name = MapKit.framework; path = System/Library/Frameworks/MapKit.framework; sourceTree = SDKROOT; };
		75CF441A17F8DE1000CCF4F0 /* Annotation.h */ = {isa = PBXFileReference; fileEncoding = 4; lastKnownFileType = sourcecode.c.h; path = Annotation.h; sourceTree = "<group>"; };
		75CF441B17F8DE1000CCF4F0 /* Annotation.m */ = {isa = PBXFileReference; fileEncoding = 4; lastKnownFileType = sourcecode.c.objc; path = Annotation.m; sourceTree = "<group>"; };
		75D1B71718A9C9FE00EDD7BD /* UserPirep.h */ = {isa = PBXFileReference; fileEncoding = 4; lastKnownFileType = sourcecode.c.h; path = UserPirep.h; sourceTree = "<group>"; };
		75D1B71818A9C9FE00EDD7BD /* UserPirep.m */ = {isa = PBXFileReference; fileEncoding = 4; lastKnownFileType = sourcecode.c.objc; path = UserPirep.m; sourceTree = "<group>"; };
		75D1B71A18AA957B00EDD7BD /* UserPirep.png */ = {isa = PBXFileReference; lastKnownFileType = image.png; path = UserPirep.png; sourceTree = "<group>"; };
		75D9D771183205E4000C640C /* Metar.h */ = {isa = PBXFileReference; fileEncoding = 4; lastKnownFileType = sourcecode.c.h; path = Metar.h; sourceTree = "<group>"; };
		75D9D772183205E4000C640C /* Metar.m */ = {isa = PBXFileReference; fileEncoding = 4; lastKnownFileType = sourcecode.c.objc; path = Metar.m; sourceTree = "<group>"; };
		75D9D774183206C1000C640C /* DisplayMetars.h */ = {isa = PBXFileReference; fileEncoding = 4; lastKnownFileType = sourcecode.c.h; path = DisplayMetars.h; sourceTree = "<group>"; };
		75D9D775183206C1000C640C /* DisplayMetars.m */ = {isa = PBXFileReference; fileEncoding = 4; lastKnownFileType = sourcecode.c.objc; path = DisplayMetars.m; sourceTree = "<group>"; };
		75D9D776183206C1000C640C /* DisplayMetars.xib */ = {isa = PBXFileReference; fileEncoding = 4; lastKnownFileType = file.xib; path = DisplayMetars.xib; sourceTree = "<group>"; };
		75F1115D1910DA9400E45394 /* UserManualVC.h */ = {isa = PBXFileReference; fileEncoding = 4; lastKnownFileType = sourcecode.c.h; path = UserManualVC.h; sourceTree = "<group>"; };
		75F1115E1910DA9400E45394 /* UserManualVC.m */ = {isa = PBXFileReference; fileEncoding = 4; lastKnownFileType = sourcecode.c.objc; path = UserManualVC.m; sourceTree = "<group>"; };
		75F111641912258000E45394 /* Images.xcassets */ = {isa = PBXFileReference; lastKnownFileType = folder.assetcatalog; name = Images.xcassets; path = NWMSU_AWC_App/Images.xcassets; sourceTree = "<group>"; };
		75F13B041813300F0051C7B2 /* DisplayPIREP.h */ = {isa = PBXFileReference; fileEncoding = 4; lastKnownFileType = sourcecode.c.h; path = DisplayPIREP.h; sourceTree = "<group>"; };
		75F13B051813300F0051C7B2 /* DisplayPIREP.m */ = {isa = PBXFileReference; fileEncoding = 4; lastKnownFileType = sourcecode.c.objc; path = DisplayPIREP.m; sourceTree = "<group>"; };
		75F13B06181330100051C7B2 /* DisplayPIREP.xib */ = {isa = PBXFileReference; fileEncoding = 4; lastKnownFileType = file.xib; path = DisplayPIREP.xib; sourceTree = "<group>"; };
		75FF65071815009700E18E9E /* FlightInfo.h */ = {isa = PBXFileReference; fileEncoding = 4; lastKnownFileType = sourcecode.c.h; path = FlightInfo.h; sourceTree = "<group>"; };
		75FF65081815009700E18E9E /* FlightInfo.m */ = {isa = PBXFileReference; fileEncoding = 4; lastKnownFileType = sourcecode.c.objc; path = FlightInfo.m; sourceTree = "<group>"; };
		BC9F31DC19EB5B7E00AA6110 /* tabBar.png */ = {isa = PBXFileReference; lastKnownFileType = image.png; name = tabBar.png; path = AWC_App_Milestone01/tabBar.png; sourceTree = "<group>"; };
		BCB97AE519E5EA6000177259 /* CANCEL.png */ = {isa = PBXFileReference; lastKnownFileType = image.png; name = CANCEL.png; path = ../CANCEL.png; sourceTree = "<group>"; };
		BCB97AE619E5EA6000177259 /* CHOP.png */ = {isa = PBXFileReference; lastKnownFileType = image.png; name = CHOP.png; path = ../CHOP.png; sourceTree = "<group>"; };
		BCB97AE719E5EA6000177259 /* CLEAR.png */ = {isa = PBXFileReference; lastKnownFileType = image.png; name = CLEAR.png; path = ../CLEAR.png; sourceTree = "<group>"; };
		BCB97AE819E5EA6000177259 /* ICING.png */ = {isa = PBXFileReference; lastKnownFileType = image.png; name = ICING.png; path = ../ICING.png; sourceTree = "<group>"; };
		BCB97AE919E5EA6000177259 /* LGT.png */ = {isa = PBXFileReference; lastKnownFileType = image.png; name = LGT.png; path = ../LGT.png; sourceTree = "<group>"; };
		BCB97AEA19E5EA6000177259 /* MIXED.png */ = {isa = PBXFileReference; lastKnownFileType = image.png; name = MIXED.png; path = ../MIXED.png; sourceTree = "<group>"; };
		BCB97AEB19E5EA6000177259 /* MOD.png */ = {isa = PBXFileReference; lastKnownFileType = image.png; name = MOD.png; path = ../MOD.png; sourceTree = "<group>"; };
		BCB97AEC19E5EA6000177259 /* MTNWV.png */ = {isa = PBXFileReference; lastKnownFileType = image.png; name = MTNWV.png; path = ../MTNWV.png; sourceTree = "<group>"; };
		BCB97AED19E5EA6000177259 /* NEG.png */ = {isa = PBXFileReference; lastKnownFileType = image.png; name = NEG.png; path = ../NEG.png; sourceTree = "<group>"; };
		BCB97AEE19E5EA6000177259 /* RIME.png */ = {isa = PBXFileReference; lastKnownFileType = image.png; name = RIME.png; path = ../RIME.png; sourceTree = "<group>"; };
		BCB97AEF19E5EA6000177259 /* SEND.png */ = {isa = PBXFileReference; lastKnownFileType = image.png; name = SEND.png; path = ../SEND.png; sourceTree = "<group>"; };
		BCB97AF019E5EA6000177259 /* SendPirep.jpg */ = {isa = PBXFileReference; lastKnownFileType = image.jpeg; name = SendPirep.jpg; path = ../SendPirep.jpg; sourceTree = "<group>"; };
		BCB97AF119E5EA6000177259 /* SEV.png */ = {isa = PBXFileReference; lastKnownFileType = image.png; name = SEV.png; path = ../SEV.png; sourceTree = "<group>"; };
		BCB97AF219E5EA6000177259 /* TRACE.png */ = {isa = PBXFileReference; lastKnownFileType = image.png; name = TRACE.png; path = ../TRACE.png; sourceTree = "<group>"; };
		BCB97AF319E5EA6000177259 /* TURB.png */ = {isa = PBXFileReference; lastKnownFileType = image.png; name = TURB.png; path = ../TURB.png; sourceTree = "<group>"; };
		CA08E95619D779A6002A098B /* AWC_Login Screen1.png */ = {isa = PBXFileReference; lastKnownFileType = image.png; path = "AWC_Login Screen1.png"; sourceTree = "<group>"; };
		CA0A74A11A799FBF007491A0 /* RegExCategories.h */ = {isa = PBXFileReference; fileEncoding = 4; lastKnownFileType = sourcecode.c.h; path = RegExCategories.h; sourceTree = "<group>"; };
		CA0A74A21A799FBF007491A0 /* RegExCategories.m */ = {isa = PBXFileReference; fileEncoding = 4; lastKnownFileType = sourcecode.c.objc; path = RegExCategories.m; sourceTree = "<group>"; };
		CA2AB73619FCFA9C00C624C0 /* category drop.png */ = {isa = PBXFileReference; lastKnownFileType = image.png; path = "category drop.png"; sourceTree = "<group>"; };
		CA2AB73819FCFA9C00C624C0 /* SendPirepBack.png */ = {isa = PBXFileReference; lastKnownFileType = image.png; path = SendPirepBack.png; sourceTree = "<group>"; };
		CA2AB74219FF158A00C624C0 /* pirepView.png */ = {isa = PBXFileReference; lastKnownFileType = image.png; path = pirepView.png; sourceTree = "<group>"; };
		CA2AB74319FF158A00C624C0 /* pirepSender.png */ = {isa = PBXFileReference; lastKnownFileType = image.png; path = pirepSender.png; sourceTree = "<group>"; };
		CA2AB74619FF16AB00C624C0 /* map.png */ = {isa = PBXFileReference; lastKnownFileType = image.png; path = map.png; sourceTree = "<group>"; };
		CA2AB74919FF1C0400C624C0 /* TabBarBackground.png */ = {isa = PBXFileReference; lastKnownFileType = image.png; name = TabBarBackground.png; path = AWC_App_Milestone01/TabBarBackground.png; sourceTree = "<group>"; };
		CA2AB74C19FF308800C624C0 /* email.png */ = {isa = PBXFileReference; lastKnownFileType = image.png; path = email.png; sourceTree = "<group>"; };
		CA2AB74D19FF308800C624C0 /* hazard.png */ = {isa = PBXFileReference; lastKnownFileType = image.png; path = hazard.png; sourceTree = "<group>"; };
		CA2AB74E19FF308800C624C0 /* METARS.png */ = {isa = PBXFileReference; lastKnownFileType = image.png; path = METARS.png; sourceTree = "<group>"; };
		CA2AB74F19FF308800C624C0 /* plane_4.png */ = {isa = PBXFileReference; lastKnownFileType = image.png; path = plane_4.png; sourceTree = "<group>"; };
		CA2AB75019FF308800C624C0 /* TabBarBackground1.png */ = {isa = PBXFileReference; lastKnownFileType = image.png; path = TabBarBackground1.png; sourceTree = "<group>"; };
		CA2AB75119FF308800C624C0 /* TabBarBackground2.png */ = {isa = PBXFileReference; lastKnownFileType = image.png; path = TabBarBackground2.png; sourceTree = "<group>"; };
		CA2E08471A21B28C00B18EF4 /* zoomOut.png */ = {isa = PBXFileReference; lastKnownFileType = image.png; path = zoomOut.png; sourceTree = "<group>"; };
		CA2E08481A21B28C00B18EF4 /* zoomIn.png */ = {isa = PBXFileReference; lastKnownFileType = image.png; path = zoomIn.png; sourceTree = "<group>"; };
		CA2E08491A21B28C00B18EF4 /* levelAdd.png */ = {isa = PBXFileReference; lastKnownFileType = image.png; path = levelAdd.png; sourceTree = "<group>"; };
		CA3E31271A2A818F003D6AFB /* Pirep+TTF.h */ = {isa = PBXFileReference; fileEncoding = 4; lastKnownFileType = sourcecode.c.h; path = "Pirep+TTF.h"; sourceTree = "<group>"; };
		CA3E31281A2A818F003D6AFB /* Pirep+TTF.m */ = {isa = PBXFileReference; fileEncoding = 4; lastKnownFileType = sourcecode.c.objc; path = "Pirep+TTF.m"; sourceTree = "<group>"; };
		CA3E312A1A2AB040003D6AFB /* UserPirep+TTF.h */ = {isa = PBXFileReference; fileEncoding = 4; lastKnownFileType = sourcecode.c.h; path = "UserPirep+TTF.h"; sourceTree = "<group>"; };
		CA3E312B1A2AB040003D6AFB /* UserPirep+TTF.m */ = {isa = PBXFileReference; fileEncoding = 4; lastKnownFileType = sourcecode.c.objc; path = "UserPirep+TTF.m"; sourceTree = "<group>"; };
		CA495DF419FFD5380010FE13 /* footer.png */ = {isa = PBXFileReference; lastKnownFileType = image.png; path = footer.png; sourceTree = "<group>"; };
		CA495DF619FFD6B40010FE13 /* header.png */ = {isa = PBXFileReference; lastKnownFileType = image.png; path = header.png; sourceTree = "<group>"; };
		CA495DFA19FFE25A0010FE13 /* SelectedTab.png */ = {isa = PBXFileReference; lastKnownFileType = image.png; name = SelectedTab.png; path = AWC_App_Milestone01/SelectedTab.png; sourceTree = "<group>"; };
		CA9BBBE91A15637B00C6DC65 /* transparent.png */ = {isa = PBXFileReference; lastKnownFileType = image.png; path = transparent.png; sourceTree = "<group>"; };
		CABAE9001A1C8E8A00026252 /* Weather.ttf */ = {isa = PBXFileReference; lastKnownFileType = file; path = Weather.ttf; sourceTree = "<group>"; };
		CABAE9061A1C961400026252 /* Metar+TTF.h */ = {isa = PBXFileReference; fileEncoding = 4; lastKnownFileType = sourcecode.c.h; path = "Metar+TTF.h"; sourceTree = "<group>"; };
		CABAE9071A1C961400026252 /* Metar+TTF.m */ = {isa = PBXFileReference; fileEncoding = 4; lastKnownFileType = sourcecode.c.objc; path = "Metar+TTF.m"; sourceTree = "<group>"; };
		CABAE90D1A1EB23E00026252 /* WindWeather.ttf */ = {isa = PBXFileReference; lastKnownFileType = file; path = WindWeather.ttf; sourceTree = "<group>"; };
		CAEA69C419D2882300BDD8EA /* MainStoryboard.storyboard */ = {isa = PBXFileReference; fileEncoding = 4; lastKnownFileType = file.storyboard; path = MainStoryboard.storyboard; sourceTree = "<group>"; };
		CAEA69C619D29DB100BDD8EA /* AWC_Login Screen.png */ = {isa = PBXFileReference; lastKnownFileType = image.png; path = "AWC_Login Screen.png"; sourceTree = "<group>"; };
/* End PBXFileReference section */

/* Begin PBXFrameworksBuildPhase section */
		75CF43E417F8D34700CCF4F0 /* Frameworks */ = {
			isa = PBXFrameworksBuildPhase;
			buildActionMask = 2147483647;
			files = (
				75CC822F180CA5B500616A0F /* CoreLocation.framework in Frameworks */,
				75CF441917F8D7AF00CCF4F0 /* MapKit.framework in Frameworks */,
				75CF43EB17F8D34700CCF4F0 /* UIKit.framework in Frameworks */,
				75CF43ED17F8D34700CCF4F0 /* Foundation.framework in Frameworks */,
				75CF43EF17F8D34700CCF4F0 /* CoreGraphics.framework in Frameworks */,
			);
			runOnlyForDeploymentPostprocessing = 0;
		};
/* End PBXFrameworksBuildPhase section */

/* Begin PBXGroup section */
		7504E824191229C100EC5435 /* Resources */ = {
			isa = PBXGroup;
			children = (
				CA2E08471A21B28C00B18EF4 /* zoomOut.png */,
				CA2E08481A21B28C00B18EF4 /* zoomIn.png */,
				CA2E08491A21B28C00B18EF4 /* levelAdd.png */,
				CABAE9001A1C8E8A00026252 /* Weather.ttf */,
				CABAE90D1A1EB23E00026252 /* WindWeather.ttf */,
				BC9F31DC19EB5B7E00AA6110 /* tabBar.png */,
				CA495DFA19FFE25A0010FE13 /* SelectedTab.png */,
				CA2AB74919FF1C0400C624C0 /* TabBarBackground.png */,
				CA495DF619FFD6B40010FE13 /* header.png */,
				CA495DF419FFD5380010FE13 /* footer.png */,
				CA2AB74C19FF308800C624C0 /* email.png */,
				CA2AB74D19FF308800C624C0 /* hazard.png */,
				CA2AB74E19FF308800C624C0 /* METARS.png */,
				CA2AB74F19FF308800C624C0 /* plane_4.png */,
				CA2AB75019FF308800C624C0 /* TabBarBackground1.png */,
				CA2AB75119FF308800C624C0 /* TabBarBackground2.png */,
				CA2AB74619FF16AB00C624C0 /* map.png */,
				CA2AB74219FF158A00C624C0 /* pirepView.png */,
				CA2AB74319FF158A00C624C0 /* pirepSender.png */,
				CA2AB73619FCFA9C00C624C0 /* category drop.png */,
				CA2AB73819FCFA9C00C624C0 /* SendPirepBack.png */,
				CA08E95619D779A6002A098B /* AWC_Login Screen1.png */,
				CAEA69C619D29DB100BDD8EA /* AWC_Login Screen.png */,
				75809375184F280D00DFA866 /* NWMSU_AWC_Original_Icon_Image_02.png */,
				75809373184F280800DFA866 /* NWMSU_AWC_Original_Icon_Image_01.png */,
				75B7EB89184C1C9700AB52D0 /* Default-Landscape@2x~ipad.png */,
				75B7EB87184C1C9200AB52D0 /* Default-Landscape~ipad.png */,
				75B7EB85184C1C8800AB52D0 /* Default-Portrait@2x~ipad.png */,
				75B7EB83184C1A7900AB52D0 /* Default-Portrait~ipad.png */,
			);
			name = Resources;
			sourceTree = "<group>";
		};
		756A27EF18B1FF1B00100665 /* Custom Pins */ = {
			isa = PBXGroup;
			children = (
				756A280418B203EB00100665 /* RedPin.png */,
				756A27FE18B201BB00100665 /* BlackPin.png */,
				756A27FF18B201BB00100665 /* BluePin.png */,
				756A280018B201BB00100665 /* PinkPin.png */,
			);
			name = "Custom Pins";
			sourceTree = "<group>";
		};
		758099DD18F2788E0087A09A /* TabBarImages */ = {
			isa = PBXGroup;
			children = (
			);
			name = TabBarImages;
			sourceTree = "<group>";
		};
		75B7EADA184C12C700AB52D0 /* Metar Images */ = {
			isa = PBXGroup;
			children = (
				754D1D41186288E700A88E58 /* -DZ.png */,
				754D1D42186288E700A88E58 /* -DZRA.png */,
				754D1D43186288E700A88E58 /* -FZDZ.png */,
				754D1D44186288E700A88E58 /* -FZRA.png */,
				754D1D45186288E700A88E58 /* -GR.png */,
				754D1D46186288E700A88E58 /* -GS.png */,
				754D1D47186288E700A88E58 /* -RA.png */,
				754D1D48186288E700A88E58 /* -RASN.png */,
				754D1D49186288E700A88E58 /* -SH.png */,
				754D1D4A186288E700A88E58 /* -SHGR.png */,
				754D1D4B186288E700A88E58 /* -SHGS.png */,
				754D1D4C186288E700A88E58 /* -SHRA.png */,
				754D1D4D186288E700A88E58 /* -SHRASN.png */,
				754D1D4E186288E700A88E58 /* -SHSN.png */,
				754D1D4F186288E700A88E58 /* -SHSNRA.png */,
				754D1D50186288E700A88E58 /* -SN.png */,
				754D1D51186288E700A88E58 /* -TSRA.png */,
				754D1D52186288E700A88E58 /* -TSSN.png */,
				754D1D53186288E700A88E58 /* +DZ.png */,
				754D1D54186288E700A88E58 /* +FZDZ.png */,
				754D1D55186288E700A88E58 /* +FZRA.png */,
				754D1D56186288E700A88E58 /* +GR.png */,
				754D1D57186288E700A88E58 /* +GS.png */,
				754D1D58186288E700A88E58 /* +RA.png */,
				754D1D59186288E700A88E58 /* +SHGR.png */,
				754D1D5A186288E700A88E58 /* +SHGS.png */,
				754D1D5B186288E700A88E58 /* +SHRA.png */,
				754D1D5C186288E700A88E58 /* +SHRASN.png */,
				754D1D5D186288E700A88E58 /* +SHSN.png */,
				754D1D5E186288E700A88E58 /* +SHSNRA.png */,
				754D1D5F186288E700A88E58 /* +SN.png */,
				754D1D60186288E700A88E58 /* +SS.png */,
				754D1D61186288E700A88E58 /* +TSGR.png */,
				754D1D62186288E700A88E58 /* +TSGRRA.png */,
				754D1D63186288E700A88E58 /* +TSGS.png */,
				754D1D64186288E700A88E58 /* +TSRA.png */,
				754D1D65186288E700A88E58 /* +TSSN.png */,
				754D1D66186288E700A88E58 /* BCFG.png */,
				754D1D67186288E700A88E58 /* BLSN.png */,
				754D1D68186288E700A88E58 /* BR.png */,
				754D1D69186288E700A88E58 /* DRSN.png */,
				754D1D6A186288E700A88E58 /* DU.png */,
				754D1D6B186288E700A88E58 /* DZ.png */,
				754D1D6C186288E700A88E58 /* DZRA.png */,
				754D1D6D186288E700A88E58 /* FC.png */,
				754D1D6E186288E700A88E58 /* FG.png */,
				754D1D6F186288E700A88E58 /* FU.png */,
				754D1D70186288E700A88E58 /* FZDZ.png */,
				754D1D71186288E700A88E58 /* FZFG.png */,
				754D1D72186288E700A88E58 /* FZRA.png */,
				754D1D73186288E700A88E58 /* GR.png */,
				754D1D74186288E700A88E58 /* GS.png */,
				754D1D75186288E700A88E58 /* HZ.png */,
				754D1D76186288E700A88E58 /* IC.png */,
				754D1D77186288E700A88E58 /* MIFG.png */,
				754D1D78186288E700A88E58 /* NULL.png */,
				754D1D79186288E700A88E58 /* PE.png */,
				754D1D7A186288E700A88E58 /* PL.png */,
				754D1D7B186288E700A88E58 /* PO.png */,
				754D1D7C186288E700A88E58 /* PRFG.png */,
				754D1D7D186288E700A88E58 /* RA.png */,
				754D1D7E186288E700A88E58 /* RASN.png */,
				754D1D7F186288E700A88E58 /* SA.png */,
				754D1D80186288E700A88E58 /* SG.png */,
				754D1D81186288E700A88E58 /* SH.png */,
				754D1D82186288E700A88E58 /* SHGR.png */,
				754D1D83186288E700A88E58 /* SHGS.png */,
				754D1D84186288E700A88E58 /* SHRA.png */,
				754D1D85186288E700A88E58 /* SHRASN.png */,
				754D1D86186288E700A88E58 /* SHSN.png */,
				754D1D87186288E700A88E58 /* SHSNRA.png */,
				754D1D88186288E700A88E58 /* SN.png */,
				754D1D89186288E700A88E58 /* SQ.png */,
				754D1D8A186288E700A88E58 /* SS.png */,
				754D1D8B186288E700A88E58 /* TS.png */,
				754D1D8C186288E700A88E58 /* TSGR.png */,
				754D1D8D186288E700A88E58 /* TSGS.png */,
				754D1D8E186288E700A88E58 /* TSRA.png */,
				754D1D8F186288E700A88E58 /* TSSN.png */,
				754D1D90186288E700A88E58 /* UP.png */,
				754D1D91186288E700A88E58 /* VCFG.png */,
				754D1D92186288E700A88E58 /* VCSH.png */,
				754D1D93186288E700A88E58 /* VCSS.png */,
				754D1D94186288E700A88E58 /* VCTS.png */,
				754D1D95186288E700A88E58 /* VIRGA.png */,
			);
			name = "Metar Images";
			sourceTree = "<group>";
		};
		75B7EB8D184D526800AB52D0 /* TAF */ = {
			isa = PBXGroup;
			children = (
				756A27EF18B1FF1B00100665 /* Custom Pins */,
				75B7EB8E184D52A700AB52D0 /* TAF.h */,
				75B7EB8F184D52A700AB52D0 /* TAF.m */,
				75B7EB91184D543900AB52D0 /* DisplayTAF.h */,
				75B7EB92184D543900AB52D0 /* DisplayTAF.m */,
				75B7EB93184D543900AB52D0 /* DisplayTAF.xib */,
				75B7EB96184D59C700AB52D0 /* TAF_View_Tab.h */,
				75B7EB97184D59C700AB52D0 /* TAF_View_Tab.m */,
				75CD3E19190F38F6007CD5F3 /* TimeGroupsVC.h */,
				75CD3E1A190F38F6007CD5F3 /* TimeGroupsVC.m */,
				75CD3E1B190F38F6007CD5F3 /* TimeGroupsVC.xib */,
			);
			name = TAF;
			sourceTree = "<group>";
		};
		75B7EBE3184D72E500AB52D0 /* HAZARD */ = {
			isa = PBXGroup;
			children = (
				75B7EBE4184D74F800AB52D0 /* Hazard_View_Tab.h */,
				75B7EBE5184D74F800AB52D0 /* Hazard_View_Tab.m */,
				75B7EBE7184D758E00AB52D0 /* Hazards.h */,
				75B7EBE8184D758E00AB52D0 /* Hazards.m */,
				75B7EBE9184D758E00AB52D0 /* HazardsParser.h */,
				75B7EBEA184D758E00AB52D0 /* HazardsParser.m */,
			);
			name = HAZARD;
			sourceTree = "<group>";
		};
		75CF43DE17F8D34700CCF4F0 = {
			isa = PBXGroup;
			children = (
				75F111641912258000E45394 /* Images.xcassets */,
				CA0A74A01A799F68007491A0 /* ThirdParty Resources */,
				7504E824191229C100EC5435 /* Resources */,
				75CF43F017F8D34700CCF4F0 /* GA Weather */,
				75CF43E917F8D34700CCF4F0 /* Frameworks */,
				75CF43E817F8D34700CCF4F0 /* Products */,
			);
			sourceTree = "<group>";
		};
		75CF43E817F8D34700CCF4F0 /* Products */ = {
			isa = PBXGroup;
			children = (
				75CF43E717F8D34700CCF4F0 /* GA Weather.app */,
			);
			name = Products;
			sourceTree = "<group>";
		};
		75CF43E917F8D34700CCF4F0 /* Frameworks */ = {
			isa = PBXGroup;
			children = (
				75CC822E180CA5B500616A0F /* CoreLocation.framework */,
				75CF441817F8D7AF00CCF4F0 /* MapKit.framework */,
				75CF43EA17F8D34700CCF4F0 /* UIKit.framework */,
				75CF43EC17F8D34700CCF4F0 /* Foundation.framework */,
				75CF43EE17F8D34700CCF4F0 /* CoreGraphics.framework */,
			);
			name = Frameworks;
			sourceTree = "<group>";
		};
		75CF43F017F8D34700CCF4F0 /* GA Weather */ = {
			isa = PBXGroup;
			children = (
				75D9D73A1830B081000C640C /* PIREP */,
				75D9D73B1830B0D5000C640C /* PIREP Send */,
				75D9D77018320512000C640C /* METAR */,
				75B7EB8D184D526800AB52D0 /* TAF */,
				75B7EBE3184D72E500AB52D0 /* HAZARD */,
				75CF43F917F8D34700CCF4F0 /* AppDelegate.h */,
				75CF43FA17F8D34700CCF4F0 /* AppDelegate.m */,
				75CF440817F8D34700CCF4F0 /* first.png */,
				75CF440A17F8D34700CCF4F0 /* first@2x.png */,
				75CF440F17F8D34700CCF4F0 /* second.png */,
				75CF441117F8D34700CCF4F0 /* second@2x.png */,
				CAEA69C419D2882300BDD8EA /* MainStoryboard.storyboard */,
				75CF43F117F8D34700CCF4F0 /* Supporting Files */,
			);
			name = "GA Weather";
			path = AWC_App_Milestone01;
			sourceTree = "<group>";
		};
		75CF43F117F8D34700CCF4F0 /* Supporting Files */ = {
			isa = PBXGroup;
			children = (
				75CF43F217F8D34700CCF4F0 /* GA Weather-Info.plist */,
				75CF43F317F8D34700CCF4F0 /* InfoPlist.strings */,
				75CF43F617F8D34700CCF4F0 /* main.m */,
				75CF43F817F8D34700CCF4F0 /* GA Weather-Prefix.pch */,
				75CF43FC17F8D34700CCF4F0 /* Default.png */,
				75CF43FE17F8D34700CCF4F0 /* Default@2x.png */,
				75CF440017F8D34700CCF4F0 /* Default-568h@2x.png */,
			);
			name = "Supporting Files";
			sourceTree = "<group>";
		};
		75D9D73A1830B081000C640C /* PIREP */ = {
			isa = PBXGroup;
			children = (
				75CF440517F8D34700CCF4F0 /* PIREP_View_Tab.h */,
				75CF440617F8D34700CCF4F0 /* PIREP_View_Tab.m */,
				75002BBE1809E8780031F4C1 /* Pirep.h */,
				75002BBF1809E8780031F4C1 /* Pirep.m */,
				CA3E31271A2A818F003D6AFB /* Pirep+TTF.h */,
				CA3E31281A2A818F003D6AFB /* Pirep+TTF.m */,
				75D1B71718A9C9FE00EDD7BD /* UserPirep.h */,
				75D1B71818A9C9FE00EDD7BD /* UserPirep.m */,
				CA3E312A1A2AB040003D6AFB /* UserPirep+TTF.h */,
				CA3E312B1A2AB040003D6AFB /* UserPirep+TTF.m */,
				75F13B041813300F0051C7B2 /* DisplayPIREP.h */,
				75F13B051813300F0051C7B2 /* DisplayPIREP.m */,
				75F13B06181330100051C7B2 /* DisplayPIREP.xib */,
				7516E55A183C014000DAACBD /* PIREP_02.png */,
				7516E55C183C036600DAACBD /* PIREP_04.png */,
				CA9BBBE91A15637B00C6DC65 /* transparent.png */,
				754D1DEB18628ADD00A88E58 /* PIREP_05.png */,
				75385B3E190662D60094C4D1 /* User.png */,
				75D1B71A18AA957B00EDD7BD /* UserPirep.png */,
				750559BA18C414F200028670 /* Loading 01.png */,
				750559BB18C414F200028670 /* Loading 02.png */,
				750559BC18C414F200028670 /* Loading_Background.png */,
			);
			name = PIREP;
			sourceTree = "<group>";
		};
		75D9D73B1830B0D5000C640C /* PIREP Send */ = {
			isa = PBXGroup;
			children = (
				758099DD18F2788E0087A09A /* TabBarImages */,
				75FF64DE1814CDB100E18E9E /* Pirep Send Images */,
				75CF440C17F8D34700CCF4F0 /* PIREP_Send_Tab.h */,
				75CF440D17F8D34700CCF4F0 /* PIREP_Send_Tab.m */,
				75CF441A17F8DE1000CCF4F0 /* Annotation.h */,
				75CF441B17F8DE1000CCF4F0 /* Annotation.m */,
				75FF65071815009700E18E9E /* FlightInfo.h */,
				75FF65081815009700E18E9E /* FlightInfo.m */,
				759030DA18287B4800D6DB55 /* EditFlightInfo.h */,
				759030DB18287B4800D6DB55 /* EditFlightInfo.m */,
				75B7EAD4184BFBBD00AB52D0 /* SettingsVC.h */,
				75B7EAD5184BFBBE00AB52D0 /* SettingsVC.m */,
				75039FAD1847F42F00BF48C9 /* TabBarVC.h */,
				75039FAE1847F42F00BF48C9 /* TabBarVC.m */,
				75F1115D1910DA9400E45394 /* UserManualVC.h */,
				75F1115E1910DA9400E45394 /* UserManualVC.m */,
			);
			name = "PIREP Send";
			sourceTree = "<group>";
		};
		75D9D77018320512000C640C /* METAR */ = {
			isa = PBXGroup;
			children = (
				75B7EADA184C12C700AB52D0 /* Metar Images */,
				75D9D771183205E4000C640C /* Metar.h */,
				75D9D772183205E4000C640C /* Metar.m */,
				CABAE9061A1C961400026252 /* Metar+TTF.h */,
				CABAE9071A1C961400026252 /* Metar+TTF.m */,
				75D9D774183206C1000C640C /* DisplayMetars.h */,
				75D9D775183206C1000C640C /* DisplayMetars.m */,
				75D9D776183206C1000C640C /* DisplayMetars.xib */,
				753C0581183986B600E8FDCC /* Metar_View_Tab.h */,
				753C0582183986B600E8FDCC /* Metar_View_Tab.m */,
			);
			name = METAR;
			sourceTree = "<group>";
		};
		75FF64DE1814CDB100E18E9E /* Pirep Send Images */ = {
			isa = PBXGroup;
			children = (
				BCB97AE519E5EA6000177259 /* CANCEL.png */,
				BCB97AE619E5EA6000177259 /* CHOP.png */,
				BCB97AE719E5EA6000177259 /* CLEAR.png */,
				BCB97AE819E5EA6000177259 /* ICING.png */,
				BCB97AE919E5EA6000177259 /* LGT.png */,
				BCB97AEA19E5EA6000177259 /* MIXED.png */,
				BCB97AEB19E5EA6000177259 /* MOD.png */,
				BCB97AEC19E5EA6000177259 /* MTNWV.png */,
				BCB97AED19E5EA6000177259 /* NEG.png */,
				BCB97AEE19E5EA6000177259 /* RIME.png */,
				BCB97AEF19E5EA6000177259 /* SEND.png */,
				BCB97AF019E5EA6000177259 /* SendPirep.jpg */,
				BCB97AF119E5EA6000177259 /* SEV.png */,
				BCB97AF219E5EA6000177259 /* TRACE.png */,
				BCB97AF319E5EA6000177259 /* TURB.png */,
			);
			path = "Pirep Send Images";
			sourceTree = "<group>";
		};
		CA0A74A01A799F68007491A0 /* ThirdParty Resources */ = {
			isa = PBXGroup;
			children = (
				CA0A74A11A799FBF007491A0 /* RegExCategories.h */,
				CA0A74A21A799FBF007491A0 /* RegExCategories.m */,
			);
			name = "ThirdParty Resources";
			sourceTree = "<group>";
		};
/* End PBXGroup section */

/* Begin PBXNativeTarget section */
		75CF43E617F8D34700CCF4F0 /* GA Weather */ = {
			isa = PBXNativeTarget;
			buildConfigurationList = 75CF441517F8D34700CCF4F0 /* Build configuration list for PBXNativeTarget "GA Weather" */;
			buildPhases = (
				75CF43E317F8D34700CCF4F0 /* Sources */,
				75CF43E417F8D34700CCF4F0 /* Frameworks */,
				75CF43E517F8D34700CCF4F0 /* Resources */,
			);
			buildRules = (
			);
			dependencies = (
			);
			name = "GA Weather";
			productName = AWC_App_Milestone01;
			productReference = 75CF43E717F8D34700CCF4F0 /* GA Weather.app */;
			productType = "com.apple.product-type.application";
		};
/* End PBXNativeTarget section */

/* Begin PBXProject section */
		75CF43DF17F8D34700CCF4F0 /* Project object */ = {
			isa = PBXProject;
			attributes = {
				CLASSPREFIX = AWC;
				LastUpgradeCheck = 0500;
				ORGANIZATIONNAME = "Satish Kumar Baswapuram";
				TargetAttributes = {
					75CF43E617F8D34700CCF4F0 = {
						DevelopmentTeam = 583N2DJ8B2;
					};
				};
			};
			buildConfigurationList = 75CF43E217F8D34700CCF4F0 /* Build configuration list for PBXProject "GA Weather" */;
			compatibilityVersion = "Xcode 3.2";
			developmentRegion = English;
			hasScannedForEncodings = 0;
			knownRegions = (
				en,
			);
			mainGroup = 75CF43DE17F8D34700CCF4F0;
			productRefGroup = 75CF43E817F8D34700CCF4F0 /* Products */;
			projectDirPath = "";
			projectRoot = "";
			targets = (
				75CF43E617F8D34700CCF4F0 /* GA Weather */,
			);
		};
/* End PBXProject section */

/* Begin PBXResourcesBuildPhase section */
		75CF43E517F8D34700CCF4F0 /* Resources */ = {
			isa = PBXResourcesBuildPhase;
			buildActionMask = 2147483647;
			files = (
				75CF43F517F8D34700CCF4F0 /* InfoPlist.strings in Resources */,
				BC9F31DD19EB5B7E00AA6110 /* tabBar.png in Resources */,
				75CF43FD17F8D34700CCF4F0 /* Default.png in Resources */,
				75CF43FF17F8D34700CCF4F0 /* Default@2x.png in Resources */,
				75CF440117F8D34700CCF4F0 /* Default-568h@2x.png in Resources */,
				75CF440917F8D34700CCF4F0 /* first.png in Resources */,
				75CF440B17F8D34700CCF4F0 /* first@2x.png in Resources */,
				75CF441017F8D34700CCF4F0 /* second.png in Resources */,
				75CD3E1D190F38F6007CD5F3 /* TimeGroupsVC.xib in Resources */,
				75CF441217F8D34700CCF4F0 /* second@2x.png in Resources */,
				BCB97AFD19E5EA6000177259 /* RIME.png in Resources */,
				75F13B08181330110051C7B2 /* DisplayPIREP.xib in Resources */,
				756A280218B201BB00100665 /* BluePin.png in Resources */,
				75385B3F190662D60094C4D1 /* User.png in Resources */,
				BCB97AF819E5EA6000177259 /* LGT.png in Resources */,
				75D9D778183206C1000C640C /* DisplayMetars.xib in Resources */,
				7516E55B183C014000DAACBD /* PIREP_02.png in Resources */,
				7516E55D183C036600DAACBD /* PIREP_04.png in Resources */,
				75B7EB84184C1A7A00AB52D0 /* Default-Portrait~ipad.png in Resources */,
				75B7EB86184C1C8800AB52D0 /* Default-Portrait@2x~ipad.png in Resources */,
				75B7EB88184C1C9200AB52D0 /* Default-Landscape~ipad.png in Resources */,
				75B7EB8A184C1C9700AB52D0 /* Default-Landscape@2x~ipad.png in Resources */,
				BCB97AF919E5EA6000177259 /* MIXED.png in Resources */,
				CAEA69C519D2882300BDD8EA /* MainStoryboard.storyboard in Resources */,
				75B7EB95184D543A00AB52D0 /* DisplayTAF.xib in Resources */,
				750559BE18C414F200028670 /* Loading 02.png in Resources */,
				75809374184F280800DFA866 /* NWMSU_AWC_Original_Icon_Image_01.png in Resources */,
				75809376184F280D00DFA866 /* NWMSU_AWC_Original_Icon_Image_02.png in Resources */,
				754D1D96186288E700A88E58 /* -DZ.png in Resources */,
				754D1D97186288E700A88E58 /* -DZRA.png in Resources */,
				754D1D98186288E700A88E58 /* -FZDZ.png in Resources */,
				754D1D99186288E700A88E58 /* -FZRA.png in Resources */,
				CA2AB75619FF308800C624C0 /* TabBarBackground1.png in Resources */,
				CA2E084B1A21B28C00B18EF4 /* zoomIn.png in Resources */,
				754D1D9A186288E700A88E58 /* -GR.png in Resources */,
				754D1D9B186288E700A88E58 /* -GS.png in Resources */,
				CA2AB75219FF308800C624C0 /* email.png in Resources */,
				75F111651912258000E45394 /* Images.xcassets in Resources */,
				754D1D9C186288E700A88E58 /* -RA.png in Resources */,
				754D1D9D186288E700A88E58 /* -RASN.png in Resources */,
				754D1D9E186288E700A88E58 /* -SH.png in Resources */,
				754D1D9F186288E700A88E58 /* -SHGR.png in Resources */,
				CA2AB75519FF308800C624C0 /* plane_4.png in Resources */,
				BCB97AFF19E5EA6000177259 /* SendPirep.jpg in Resources */,
				CABAE9011A1C8E8A00026252 /* Weather.ttf in Resources */,
				754D1DA0186288E700A88E58 /* -SHGS.png in Resources */,
				CA9BBBEA1A15637B00C6DC65 /* transparent.png in Resources */,
				BCB97AFA19E5EA6000177259 /* MOD.png in Resources */,
				CA495DF719FFD6B40010FE13 /* header.png in Resources */,
				754D1DA1186288E700A88E58 /* -SHRA.png in Resources */,
				754D1DA2186288E700A88E58 /* -SHRASN.png in Resources */,
				CA08E95719D779A6002A098B /* AWC_Login Screen1.png in Resources */,
				754D1DA3186288E700A88E58 /* -SHSN.png in Resources */,
				CA2AB75419FF308800C624C0 /* METARS.png in Resources */,
				754D1DA4186288E700A88E58 /* -SHSNRA.png in Resources */,
				754D1DA5186288E700A88E58 /* -SN.png in Resources */,
				CA2E084C1A21B28C00B18EF4 /* levelAdd.png in Resources */,
				754D1DA6186288E700A88E58 /* -TSRA.png in Resources */,
				BCB97AFB19E5EA6000177259 /* MTNWV.png in Resources */,
				BCB97B0219E5EA6000177259 /* TURB.png in Resources */,
				754D1DA7186288E700A88E58 /* -TSSN.png in Resources */,
				CA2AB73919FCFA9C00C624C0 /* category drop.png in Resources */,
				754D1DA8186288E700A88E58 /* +DZ.png in Resources */,
				754D1DA9186288E700A88E58 /* +FZDZ.png in Resources */,
				754D1DAA186288E700A88E58 /* +FZRA.png in Resources */,
				756A280518B203EB00100665 /* RedPin.png in Resources */,
				754D1DAB186288E700A88E58 /* +GR.png in Resources */,
				75D1B71B18AA957B00EDD7BD /* UserPirep.png in Resources */,
				754D1DAC186288E700A88E58 /* +GS.png in Resources */,
				754D1DAD186288E700A88E58 /* +RA.png in Resources */,
				754D1DAE186288E700A88E58 /* +SHGR.png in Resources */,
				754D1DAF186288E700A88E58 /* +SHGS.png in Resources */,
				754D1DB0186288E700A88E58 /* +SHRA.png in Resources */,
				CA495DFB19FFE25A0010FE13 /* SelectedTab.png in Resources */,
				CA2AB74419FF158A00C624C0 /* pirepView.png in Resources */,
				754D1DB1186288E700A88E58 /* +SHRASN.png in Resources */,
				BCB97B0119E5EA6000177259 /* TRACE.png in Resources */,
				754D1DB2186288E700A88E58 /* +SHSN.png in Resources */,
				754D1DB3186288E700A88E58 /* +SHSNRA.png in Resources */,
				754D1DB4186288E700A88E58 /* +SN.png in Resources */,
				754D1DB5186288E700A88E58 /* +SS.png in Resources */,
				CA2AB74719FF16AB00C624C0 /* map.png in Resources */,
				CA2AB75319FF308800C624C0 /* hazard.png in Resources */,
				CA2E084A1A21B28C00B18EF4 /* zoomOut.png in Resources */,
				CA495DF519FFD5380010FE13 /* footer.png in Resources */,
				CA2AB74519FF158A00C624C0 /* pirepSender.png in Resources */,
				754D1DB6186288E700A88E58 /* +TSGR.png in Resources */,
				CA2AB73B19FCFA9C00C624C0 /* SendPirepBack.png in Resources */,
				754D1DB7186288E700A88E58 /* +TSGRRA.png in Resources */,
				754D1DB8186288E700A88E58 /* +TSGS.png in Resources */,
				754D1DB9186288E700A88E58 /* +TSRA.png in Resources */,
				754D1DBA186288E700A88E58 /* +TSSN.png in Resources */,
				754D1DBB186288E700A88E58 /* BCFG.png in Resources */,
				754D1DBC186288E700A88E58 /* BLSN.png in Resources */,
				BCB97AFC19E5EA6000177259 /* NEG.png in Resources */,
				754D1DBD186288E700A88E58 /* BR.png in Resources */,
				754D1DBE186288E700A88E58 /* DRSN.png in Resources */,
				754D1DBF186288E700A88E58 /* DU.png in Resources */,
				BCB97AF619E5EA6000177259 /* CLEAR.png in Resources */,
				BCB97AF419E5EA6000177259 /* CANCEL.png in Resources */,
				754D1DC0186288E700A88E58 /* DZ.png in Resources */,
				750559BD18C414F200028670 /* Loading 01.png in Resources */,
				754D1DC1186288E700A88E58 /* DZRA.png in Resources */,
				CABAE90E1A1EB23E00026252 /* WindWeather.ttf in Resources */,
				754D1DC2186288E700A88E58 /* FC.png in Resources */,
				754D1DC3186288E700A88E58 /* FG.png in Resources */,
				754D1DC4186288E700A88E58 /* FU.png in Resources */,
				754D1DC5186288E700A88E58 /* FZDZ.png in Resources */,
				754D1DC6186288E700A88E58 /* FZFG.png in Resources */,
				754D1DC7186288E700A88E58 /* FZRA.png in Resources */,
				754D1DC8186288E700A88E58 /* GR.png in Resources */,
				BCB97B0019E5EA6000177259 /* SEV.png in Resources */,
				754D1DC9186288E700A88E58 /* GS.png in Resources */,
				754D1DCA186288E700A88E58 /* HZ.png in Resources */,
				754D1DCB186288E700A88E58 /* IC.png in Resources */,
				754D1DCC186288E700A88E58 /* MIFG.png in Resources */,
				754D1DCD186288E700A88E58 /* NULL.png in Resources */,
				754D1DCE186288E700A88E58 /* PE.png in Resources */,
				754D1DCF186288E700A88E58 /* PL.png in Resources */,
				754D1DD0186288E700A88E58 /* PO.png in Resources */,
				754D1DD1186288E700A88E58 /* PRFG.png in Resources */,
				754D1DD2186288E700A88E58 /* RA.png in Resources */,
				754D1DD3186288E700A88E58 /* RASN.png in Resources */,
				754D1DD4186288E700A88E58 /* SA.png in Resources */,
				754D1DD5186288E700A88E58 /* SG.png in Resources */,
				754D1DD6186288E700A88E58 /* SH.png in Resources */,
				754D1DD7186288E700A88E58 /* SHGR.png in Resources */,
				CA2AB74B19FF1C0400C624C0 /* TabBarBackground.png in Resources */,
				754D1DD8186288E700A88E58 /* SHGS.png in Resources */,
				750559BF18C414F200028670 /* Loading_Background.png in Resources */,
				754D1DD9186288E700A88E58 /* SHRA.png in Resources */,
				754D1DDA186288E700A88E58 /* SHRASN.png in Resources */,
				754D1DDB186288E700A88E58 /* SHSN.png in Resources */,
				754D1DDC186288E700A88E58 /* SHSNRA.png in Resources */,
				BCB97AFE19E5EA6000177259 /* SEND.png in Resources */,
				754D1DDD186288E700A88E58 /* SN.png in Resources */,
				754D1DDE186288E700A88E58 /* SQ.png in Resources */,
				754D1DDF186288E700A88E58 /* SS.png in Resources */,
				756A280118B201BB00100665 /* BlackPin.png in Resources */,
				754D1DE0186288E700A88E58 /* TS.png in Resources */,
				754D1DE1186288E700A88E58 /* TSGR.png in Resources */,
				756A280318B201BB00100665 /* PinkPin.png in Resources */,
				CAEA69C719D29DB100BDD8EA /* AWC_Login Screen.png in Resources */,
				754D1DE2186288E700A88E58 /* TSGS.png in Resources */,
				754D1DE3186288E700A88E58 /* TSRA.png in Resources */,
				754D1DE4186288E700A88E58 /* TSSN.png in Resources */,
				754D1DE5186288E700A88E58 /* UP.png in Resources */,
				754D1DE6186288E700A88E58 /* VCFG.png in Resources */,
				754D1DE7186288E700A88E58 /* VCSH.png in Resources */,
				BCB97AF519E5EA6000177259 /* CHOP.png in Resources */,
				754D1DE8186288E700A88E58 /* VCSS.png in Resources */,
				BCB97AF719E5EA6000177259 /* ICING.png in Resources */,
				754D1DE9186288E700A88E58 /* VCTS.png in Resources */,
				754D1DEA186288E700A88E58 /* VIRGA.png in Resources */,
				754D1DEC18628ADD00A88E58 /* PIREP_05.png in Resources */,
				CA2AB75719FF308800C624C0 /* TabBarBackground2.png in Resources */,
			);
			runOnlyForDeploymentPostprocessing = 0;
		};
/* End PBXResourcesBuildPhase section */

/* Begin PBXSourcesBuildPhase section */
		75CF43E317F8D34700CCF4F0 /* Sources */ = {
			isa = PBXSourcesBuildPhase;
			buildActionMask = 2147483647;
			files = (
				752ACD5E180BA2C800E5BBB5 /* Pirep.m in Sources */,
				CA0A74A31A799FBF007491A0 /* RegExCategories.m in Sources */,
				75CF43F717F8D34700CCF4F0 /* main.m in Sources */,
				CA3E312C1A2AB040003D6AFB /* UserPirep+TTF.m in Sources */,
				75CF43FB17F8D34700CCF4F0 /* AppDelegate.m in Sources */,
				75CF440717F8D34700CCF4F0 /* PIREP_View_Tab.m in Sources */,
				75CF440E17F8D34700CCF4F0 /* PIREP_Send_Tab.m in Sources */,
				75CF441C17F8DE1000CCF4F0 /* Annotation.m in Sources */,
				75F1115F1910DA9400E45394 /* UserManualVC.m in Sources */,
				75F13B07181330110051C7B2 /* DisplayPIREP.m in Sources */,
				CA3E31291A2A818F003D6AFB /* Pirep+TTF.m in Sources */,
				75FF65091815009700E18E9E /* FlightInfo.m in Sources */,
				759030DC18287B4800D6DB55 /* EditFlightInfo.m in Sources */,
				75D9D773183205E4000C640C /* Metar.m in Sources */,
				75D9D777183206C1000C640C /* DisplayMetars.m in Sources */,
				753C0583183986B600E8FDCC /* Metar_View_Tab.m in Sources */,
				75039FAF1847F42F00BF48C9 /* TabBarVC.m in Sources */,
				75B7EAD6184BFBBE00AB52D0 /* SettingsVC.m in Sources */,
				75D1B71918A9C9FE00EDD7BD /* UserPirep.m in Sources */,
				CABAE9081A1C961400026252 /* Metar+TTF.m in Sources */,
				75CD3E1C190F38F6007CD5F3 /* TimeGroupsVC.m in Sources */,
				75B7EB90184D52A700AB52D0 /* TAF.m in Sources */,
				75B7EB94184D543A00AB52D0 /* DisplayTAF.m in Sources */,
				75B7EB98184D59C700AB52D0 /* TAF_View_Tab.m in Sources */,
				75B7EBE6184D74F800AB52D0 /* Hazard_View_Tab.m in Sources */,
				75B7EBEB184D76AF00AB52D0 /* Hazards.m in Sources */,
				75B7EBEC184D76C800AB52D0 /* HazardsParser.m in Sources */,
			);
			runOnlyForDeploymentPostprocessing = 0;
		};
/* End PBXSourcesBuildPhase section */

/* Begin PBXVariantGroup section */
		75CF43F317F8D34700CCF4F0 /* InfoPlist.strings */ = {
			isa = PBXVariantGroup;
			children = (
				75CF43F417F8D34700CCF4F0 /* en */,
			);
			name = InfoPlist.strings;
			sourceTree = "<group>";
		};
/* End PBXVariantGroup section */

/* Begin XCBuildConfiguration section */
		75CF441317F8D34700CCF4F0 /* Debug */ = {
			isa = XCBuildConfiguration;
			buildSettings = {
				ALWAYS_SEARCH_USER_PATHS = NO;
				CLANG_CXX_LANGUAGE_STANDARD = "gnu++0x";
				CLANG_CXX_LIBRARY = "libc++";
				CLANG_ENABLE_OBJC_ARC = YES;
				CLANG_WARN_CONSTANT_CONVERSION = YES;
				CLANG_WARN_EMPTY_BODY = YES;
				CLANG_WARN_ENUM_CONVERSION = YES;
				CLANG_WARN_INT_CONVERSION = YES;
				CLANG_WARN__DUPLICATE_METHOD_MATCH = YES;
				"CODE_SIGN_IDENTITY[sdk=iphoneos*]" = "iPhone Developer";
				COPY_PHASE_STRIP = NO;
				GCC_C_LANGUAGE_STANDARD = gnu99;
				GCC_DYNAMIC_NO_PIC = NO;
				GCC_OPTIMIZATION_LEVEL = 0;
				GCC_PREPROCESSOR_DEFINITIONS = (
					"DEBUG=1",
					"$(inherited)",
				);
				GCC_SYMBOLS_PRIVATE_EXTERN = NO;
				GCC_WARN_ABOUT_RETURN_TYPE = YES;
				GCC_WARN_UNINITIALIZED_AUTOS = YES;
				GCC_WARN_UNUSED_VARIABLE = YES;
				IPHONEOS_DEPLOYMENT_TARGET = 5.1;
				ONLY_ACTIVE_ARCH = YES;
				SDKROOT = iphoneos;
				TARGETED_DEVICE_FAMILY = 2;
			};
			name = Debug;
		};
		75CF441417F8D34700CCF4F0 /* Release */ = {
			isa = XCBuildConfiguration;
			buildSettings = {
				ALWAYS_SEARCH_USER_PATHS = NO;
				CLANG_CXX_LANGUAGE_STANDARD = "gnu++0x";
				CLANG_CXX_LIBRARY = "libc++";
				CLANG_ENABLE_OBJC_ARC = YES;
				CLANG_WARN_CONSTANT_CONVERSION = YES;
				CLANG_WARN_EMPTY_BODY = YES;
				CLANG_WARN_ENUM_CONVERSION = YES;
				CLANG_WARN_INT_CONVERSION = YES;
				CLANG_WARN__DUPLICATE_METHOD_MATCH = YES;
				"CODE_SIGN_IDENTITY[sdk=iphoneos*]" = "iPhone Developer";
				COPY_PHASE_STRIP = YES;
				GCC_C_LANGUAGE_STANDARD = gnu99;
				GCC_WARN_ABOUT_RETURN_TYPE = YES;
				GCC_WARN_UNINITIALIZED_AUTOS = YES;
				GCC_WARN_UNUSED_VARIABLE = YES;
				IPHONEOS_DEPLOYMENT_TARGET = 5.1;
				OTHER_CFLAGS = "-DNS_BLOCK_ASSERTIONS=1";
				SDKROOT = iphoneos;
				TARGETED_DEVICE_FAMILY = 2;
				VALIDATE_PRODUCT = YES;
			};
			name = Release;
		};
		75CF441617F8D34700CCF4F0 /* Debug */ = {
			isa = XCBuildConfiguration;
			buildSettings = {
				ASSETCATALOG_COMPILER_APPICON_NAME = AppIcon;
				ASSETCATALOG_COMPILER_LAUNCHIMAGE_NAME = LaunchImage;
				CODE_SIGN_IDENTITY = "iPhone Developer";
				"CODE_SIGN_IDENTITY[sdk=iphoneos*]" = "iPhone Developer";
				GCC_PRECOMPILE_PREFIX_HEADER = YES;
				GCC_PREFIX_HEADER = "AWC_App_Milestone01/GA Weather-Prefix.pch";
				INFOPLIST_FILE = "AWC_App_Milestone01/GA Weather-Info.plist";
				IPHONEOS_DEPLOYMENT_TARGET = 5.0;
				PRODUCT_NAME = "GA Weather";
				PROVISIONING_PROFILE = "";
				SDKROOT = iphoneos;
				WRAPPER_EXTENSION = app;
			};
			name = Debug;
		};
		75CF441717F8D34700CCF4F0 /* Release */ = {
			isa = XCBuildConfiguration;
			buildSettings = {
				ASSETCATALOG_COMPILER_APPICON_NAME = AppIcon;
				ASSETCATALOG_COMPILER_LAUNCHIMAGE_NAME = LaunchImage;
				CODE_SIGN_IDENTITY = "iPhone Developer";
				"CODE_SIGN_IDENTITY[sdk=iphoneos*]" = "iPhone Developer";
				GCC_PRECOMPILE_PREFIX_HEADER = YES;
				GCC_PREFIX_HEADER = "AWC_App_Milestone01/GA Weather-Prefix.pch";
				INFOPLIST_FILE = "AWC_App_Milestone01/GA Weather-Info.plist";
				IPHONEOS_DEPLOYMENT_TARGET = 5.0;
				PRODUCT_NAME = "GA Weather";
				PROVISIONING_PROFILE = "";
				SDKROOT = iphoneos;
				WRAPPER_EXTENSION = app;
			};
			name = Release;
		};
/* End XCBuildConfiguration section */

/* Begin XCConfigurationList section */
		75CF43E217F8D34700CCF4F0 /* Build configuration list for PBXProject "GA Weather" */ = {
			isa = XCConfigurationList;
			buildConfigurations = (
				75CF441317F8D34700CCF4F0 /* Debug */,
				75CF441417F8D34700CCF4F0 /* Release */,
			);
			defaultConfigurationIsVisible = 0;
			defaultConfigurationName = Release;
		};
		75CF441517F8D34700CCF4F0 /* Build configuration list for PBXNativeTarget "GA Weather" */ = {
			isa = XCConfigurationList;
			buildConfigurations = (
				75CF441617F8D34700CCF4F0 /* Debug */,
				75CF441717F8D34700CCF4F0 /* Release */,
			);
			defaultConfigurationIsVisible = 0;
			defaultConfigurationName = Release;
		};
/* End XCConfigurationList section */
	};
	rootObject = 75CF43DF17F8D34700CCF4F0 /* Project object */;
}
